// !$*UTF8*$!
{
	archiveVersion = 1;
	classes = {
	};
	objectVersion = 46;
	objects = {

/* Begin PBXBuildFile section */
		09354FD4179AEB4000B612EC /* WBItem.m in Sources */ = {isa = PBXBuildFile; fileRef = 09354FD3179AEB4000B612EC /* WBItem.m */; };
		09354FD7179AF15F00B612EC /* WBItemStore.m in Sources */ = {isa = PBXBuildFile; fileRef = 09354FD6179AF15F00B612EC /* WBItemStore.m */; };
		09355055179B5CD000B612EC /* Dollar01.jpg in Resources */ = {isa = PBXBuildFile; fileRef = 09355016179B5CD000B612EC /* Dollar01.jpg */; };
		09355056179B5CD000B612EC /* Dollar05.jpg in Resources */ = {isa = PBXBuildFile; fileRef = 09355017179B5CD000B612EC /* Dollar05.jpg */; };
		09355057179B5CD000B612EC /* Dollar10.jpg in Resources */ = {isa = PBXBuildFile; fileRef = 09355018179B5CD000B612EC /* Dollar10.jpg */; };
		09355058179B5CD000B612EC /* Dollar20.jpg in Resources */ = {isa = PBXBuildFile; fileRef = 09355019179B5CD000B612EC /* Dollar20.jpg */; };
		0935505B179B823200B612EC /* WBImageStore.m in Sources */ = {isa = PBXBuildFile; fileRef = 0935505A179B823200B612EC /* WBImageStore.m */; };
		09355064179DECC500B612EC /* WBAnswerButton.m in Sources */ = {isa = PBXBuildFile; fileRef = 09355063179DECC500B612EC /* WBAnswerButton.m */; };
		0935506F179DED5A00B612EC /* IMG_4075.jpg in Resources */ = {isa = PBXBuildFile; fileRef = 09355065179DED5500B612EC /* IMG_4075.jpg */; };
		09355070179DED5A00B612EC /* IMG_4076.jpg in Resources */ = {isa = PBXBuildFile; fileRef = 09355066179DED5500B612EC /* IMG_4076.jpg */; };
		09355071179DED5A00B612EC /* IMG_4090.jpg in Resources */ = {isa = PBXBuildFile; fileRef = 09355067179DED5500B612EC /* IMG_4090.jpg */; };
		09355072179DED5A00B612EC /* IMG_4095.jpg in Resources */ = {isa = PBXBuildFile; fileRef = 09355068179DED5600B612EC /* IMG_4095.jpg */; };
		09355073179DED5A00B612EC /* IMG_4099.jpg in Resources */ = {isa = PBXBuildFile; fileRef = 09355069179DED5600B612EC /* IMG_4099.jpg */; };
		09355074179DED5A00B612EC /* IMG_4100.jpg in Resources */ = {isa = PBXBuildFile; fileRef = 0935506A179DED5600B612EC /* IMG_4100.jpg */; };
		09355075179DED5A00B612EC /* IMG_4107.jpg in Resources */ = {isa = PBXBuildFile; fileRef = 0935506B179DED5700B612EC /* IMG_4107.jpg */; };
		09355076179DED5A00B612EC /* IMG_4114.jpg in Resources */ = {isa = PBXBuildFile; fileRef = 0935506C179DED5700B612EC /* IMG_4114.jpg */; };
		09355077179DED5A00B612EC /* IMG_4120.jpg in Resources */ = {isa = PBXBuildFile; fileRef = 0935506D179DED5800B612EC /* IMG_4120.jpg */; };
		09355078179DED5A00B612EC /* IMG_4124.jpg in Resources */ = {isa = PBXBuildFile; fileRef = 0935506E179DED5900B612EC /* IMG_4124.jpg */; };
		095374E718518465008B312F /* SessionsViewController.m in Sources */ = {isa = PBXBuildFile; fileRef = 095374E618518465008B312F /* SessionsViewController.m */; };
		095374E9185185BD008B312F /* DocumentView.xib in Resources */ = {isa = PBXBuildFile; fileRef = 095374E8185185BD008B312F /* DocumentView.xib */; };
		09B31F3F1789CCAF0018AB6A /* UIKit.framework in Frameworks */ = {isa = PBXBuildFile; fileRef = 09B31F3E1789CCAF0018AB6A /* UIKit.framework */; };
		09B31F411789CCAF0018AB6A /* Foundation.framework in Frameworks */ = {isa = PBXBuildFile; fileRef = 09B31F401789CCAF0018AB6A /* Foundation.framework */; };
		09B31F431789CCAF0018AB6A /* CoreGraphics.framework in Frameworks */ = {isa = PBXBuildFile; fileRef = 09B31F421789CCAF0018AB6A /* CoreGraphics.framework */; };
		09B31F491789CCAF0018AB6A /* InfoPlist.strings in Resources */ = {isa = PBXBuildFile; fileRef = 09B31F471789CCAF0018AB6A /* InfoPlist.strings */; };
		09B31F4B1789CCAF0018AB6A /* main.m in Sources */ = {isa = PBXBuildFile; fileRef = 09B31F4A1789CCAF0018AB6A /* main.m */; };
		09B31F4F1789CCAF0018AB6A /* WhichBillAppDelegate.m in Sources */ = {isa = PBXBuildFile; fileRef = 09B31F4E1789CCAF0018AB6A /* WhichBillAppDelegate.m */; };
		09B31F511789CCAF0018AB6A /* Default.png in Resources */ = {isa = PBXBuildFile; fileRef = 09B31F501789CCAF0018AB6A /* Default.png */; };
		09B31F531789CCAF0018AB6A /* Default@2x.png in Resources */ = {isa = PBXBuildFile; fileRef = 09B31F521789CCAF0018AB6A /* Default@2x.png */; };
		09B31F551789CCAF0018AB6A /* Default-568h@2x.png in Resources */ = {isa = PBXBuildFile; fileRef = 09B31F541789CCAF0018AB6A /* Default-568h@2x.png */; };
		09B31F581789CCAF0018AB6A /* WhichBillViewController.m in Sources */ = {isa = PBXBuildFile; fileRef = 09B31F571789CCAF0018AB6A /* WhichBillViewController.m */; };
		09B31F5B1789CCAF0018AB6A /* WhichBillViewController.xib in Resources */ = {isa = PBXBuildFile; fileRef = 09B31F591789CCAF0018AB6A /* WhichBillViewController.xib */; };
		09B31F641789CCAF0018AB6A /* UIKit.framework in Frameworks */ = {isa = PBXBuildFile; fileRef = 09B31F3E1789CCAF0018AB6A /* UIKit.framework */; };
		09B31F651789CCAF0018AB6A /* Foundation.framework in Frameworks */ = {isa = PBXBuildFile; fileRef = 09B31F401789CCAF0018AB6A /* Foundation.framework */; };
		09B31F6D1789CCAF0018AB6A /* InfoPlist.strings in Resources */ = {isa = PBXBuildFile; fileRef = 09B31F6B1789CCAF0018AB6A /* InfoPlist.strings */; };
		09B31F701789CCAF0018AB6A /* WhichBillTests.m in Sources */ = {isa = PBXBuildFile; fileRef = 09B31F6F1789CCAF0018AB6A /* WhichBillTests.m */; };
		09E64F0618483BD900244097 /* bson.c in Sources */ = {isa = PBXBuildFile; fileRef = 09E64EF918483BB600244097 /* bson.c */; };
		09E64F0718483BD900244097 /* encoding.c in Sources */ = {isa = PBXBuildFile; fileRef = 09E64EFB18483BB600244097 /* encoding.c */; };
		09E64F0818483BD900244097 /* env.c in Sources */ = {isa = PBXBuildFile; fileRef = 09E64EFD18483BB600244097 /* env.c */; };
		09E64F0918483BD900244097 /* md5.c in Sources */ = {isa = PBXBuildFile; fileRef = 09E64F0118483BB600244097 /* md5.c */; };
		09E64F0A18483BD900244097 /* mongo.c in Sources */ = {isa = PBXBuildFile; fileRef = 09E64F0318483BB600244097 /* mongo.c */; };
		09E64F0B18483BD900244097 /* numbers.c in Sources */ = {isa = PBXBuildFile; fileRef = 09E64F0518483BB600244097 /* numbers.c */; };
		09E64F4318483C1800244097 /* BSON_Helper.m in Sources */ = {isa = PBXBuildFile; fileRef = 09E64F0E18483C1800244097 /* BSON_Helper.m */; };
		09E64F4418483C1800244097 /* BSONDecoder.m in Sources */ = {isa = PBXBuildFile; fileRef = 09E64F1218483C1800244097 /* BSONDecoder.m */; };
		09E64F4518483C1800244097 /* BSONDocument.m in Sources */ = {isa = PBXBuildFile; fileRef = 09E64F1418483C1800244097 /* BSONDocument.m */; };
		09E64F4618483C1800244097 /* BSONEncoder.m in Sources */ = {isa = PBXBuildFile; fileRef = 09E64F1618483C1800244097 /* BSONEncoder.m */; };
		09E64F4718483C1800244097 /* BSONIterator.m in Sources */ = {isa = PBXBuildFile; fileRef = 09E64F1818483C1800244097 /* BSONIterator.m */; };
		09E64F4818483C1800244097 /* BSONTypes.m in Sources */ = {isa = PBXBuildFile; fileRef = 09E64F1A18483C1800244097 /* BSONTypes.m */; };
		09E64F4918483C1800244097 /* NSData+BSONAdditions.m in Sources */ = {isa = PBXBuildFile; fileRef = 09E64F1C18483C1800244097 /* NSData+BSONAdditions.m */; };
		09E64F4A18483C1800244097 /* NSDictionary+BSONAdditions.m in Sources */ = {isa = PBXBuildFile; fileRef = 09E64F1E18483C1800244097 /* NSDictionary+BSONAdditions.m */; };
		09E64F4B18483C1800244097 /* NSManagedObject+BSONCoding.m in Sources */ = {isa = PBXBuildFile; fileRef = 09E64F2018483C1800244097 /* NSManagedObject+BSONCoding.m */; };
		09E64F4C18483C1800244097 /* NSString+BSONAdditions.m in Sources */ = {isa = PBXBuildFile; fileRef = 09E64F2218483C1800244097 /* NSString+BSONAdditions.m */; };
		09E64F4D18483C1800244097 /* ObjCBSON.m in Sources */ = {isa = PBXBuildFile; fileRef = 09E64F2418483C1800244097 /* ObjCBSON.m */; };
		09E64F4E18483C1800244097 /* Mongo_Helper.m in Sources */ = {isa = PBXBuildFile; fileRef = 09E64F2718483C1800244097 /* Mongo_Helper.m */; };
		09E64F4F18483C1800244097 /* MongoConnection+Diagnostics.m in Sources */ = {isa = PBXBuildFile; fileRef = 09E64F2A18483C1800244097 /* MongoConnection+Diagnostics.m */; };
		09E64F5018483C1800244097 /* MongoConnection.m in Sources */ = {isa = PBXBuildFile; fileRef = 09E64F2C18483C1800244097 /* MongoConnection.m */; };
		09E64F5118483C1800244097 /* MongoCursor.m in Sources */ = {isa = PBXBuildFile; fileRef = 09E64F2E18483C1800244097 /* MongoCursor.m */; };
		09E64F5218483C1800244097 /* MongoDBCollection.m in Sources */ = {isa = PBXBuildFile; fileRef = 09E64F3018483C1800244097 /* MongoDBCollection.m */; };
		09E64F5318483C1800244097 /* MongoFindRequest.m in Sources */ = {isa = PBXBuildFile; fileRef = 09E64F3218483C1800244097 /* MongoFindRequest.m */; };
		09E64F5418483C1800244097 /* MongoKeyedPredicate.m in Sources */ = {isa = PBXBuildFile; fileRef = 09E64F3418483C1800244097 /* MongoKeyedPredicate.m */; };
		09E64F5518483C1800244097 /* MongoPredicate.m in Sources */ = {isa = PBXBuildFile; fileRef = 09E64F3618483C1800244097 /* MongoPredicate.m */; };
		09E64F5618483C1800244097 /* MongoTypes.m in Sources */ = {isa = PBXBuildFile; fileRef = 09E64F3818483C1800244097 /* MongoTypes.m */; };
		09E64F5718483C1800244097 /* MongoUpdateRequest.m in Sources */ = {isa = PBXBuildFile; fileRef = 09E64F3A18483C1800244097 /* MongoUpdateRequest.m */; };
		09E64F5818483C1800244097 /* MongoWriteConcern.m in Sources */ = {isa = PBXBuildFile; fileRef = 09E64F3C18483C1800244097 /* MongoWriteConcern.m */; };
		09E64F5918483C1800244097 /* NSArray+MongoAdditions.m in Sources */ = {isa = PBXBuildFile; fileRef = 09E64F3E18483C1800244097 /* NSArray+MongoAdditions.m */; };
		09E64F5A18483C1800244097 /* OrderedDictionary.m in Sources */ = {isa = PBXBuildFile; fileRef = 09E64F4218483C1800244097 /* OrderedDictionary.m */; };
		09E64F5C18483C6400244097 /* CoreData.framework in Frameworks */ = {isa = PBXBuildFile; fileRef = 09E64F5B18483C6400244097 /* CoreData.framework */; };
		09E64F7318497E3800244097 /* TeachersViewController.m in Sources */ = {isa = PBXBuildFile; fileRef = 09E64F7218497E3800244097 /* TeachersViewController.m */; };
		09E64F85184A6A2700244097 /* StudentsViewController.m in Sources */ = {isa = PBXBuildFile; fileRef = 09E64F84184A6A2700244097 /* StudentsViewController.m */; };
/* End PBXBuildFile section */

/* Begin PBXContainerItemProxy section */
		09B31F661789CCAF0018AB6A /* PBXContainerItemProxy */ = {
			isa = PBXContainerItemProxy;
			containerPortal = 09B31F331789CCAF0018AB6A /* Project object */;
			proxyType = 1;
			remoteGlobalIDString = 09B31F3A1789CCAF0018AB6A;
			remoteInfo = WhichBill;
		};
/* End PBXContainerItemProxy section */

/* Begin PBXFileReference section */
		09354FD2179AEB4000B612EC /* WBItem.h */ = {isa = PBXFileReference; fileEncoding = 4; lastKnownFileType = sourcecode.c.h; path = WBItem.h; sourceTree = "<group>"; };
		09354FD3179AEB4000B612EC /* WBItem.m */ = {isa = PBXFileReference; fileEncoding = 4; lastKnownFileType = sourcecode.c.objc; path = WBItem.m; sourceTree = "<group>"; };
		09354FD5179AF15F00B612EC /* WBItemStore.h */ = {isa = PBXFileReference; fileEncoding = 4; lastKnownFileType = sourcecode.c.h; path = WBItemStore.h; sourceTree = "<group>"; };
		09354FD6179AF15F00B612EC /* WBItemStore.m */ = {isa = PBXFileReference; fileEncoding = 4; lastKnownFileType = sourcecode.c.objc; path = WBItemStore.m; sourceTree = "<group>"; };
		09355016179B5CD000B612EC /* Dollar01.jpg */ = {isa = PBXFileReference; lastKnownFileType = image.jpeg; path = Dollar01.jpg; sourceTree = "<group>"; };
		09355017179B5CD000B612EC /* Dollar05.jpg */ = {isa = PBXFileReference; lastKnownFileType = image.jpeg; path = Dollar05.jpg; sourceTree = "<group>"; };
		09355018179B5CD000B612EC /* Dollar10.jpg */ = {isa = PBXFileReference; lastKnownFileType = image.jpeg; path = Dollar10.jpg; sourceTree = "<group>"; };
		09355019179B5CD000B612EC /* Dollar20.jpg */ = {isa = PBXFileReference; lastKnownFileType = image.jpeg; path = Dollar20.jpg; sourceTree = "<group>"; };
		09355059179B823100B612EC /* WBImageStore.h */ = {isa = PBXFileReference; fileEncoding = 4; lastKnownFileType = sourcecode.c.h; path = WBImageStore.h; sourceTree = "<group>"; };
		0935505A179B823200B612EC /* WBImageStore.m */ = {isa = PBXFileReference; fileEncoding = 4; lastKnownFileType = sourcecode.c.objc; path = WBImageStore.m; sourceTree = "<group>"; };
		09355062179DECC500B612EC /* WBAnswerButton.h */ = {isa = PBXFileReference; fileEncoding = 4; lastKnownFileType = sourcecode.c.h; path = WBAnswerButton.h; sourceTree = "<group>"; };
		09355063179DECC500B612EC /* WBAnswerButton.m */ = {isa = PBXFileReference; fileEncoding = 4; lastKnownFileType = sourcecode.c.objc; path = WBAnswerButton.m; sourceTree = "<group>"; };
		09355065179DED5500B612EC /* IMG_4075.jpg */ = {isa = PBXFileReference; lastKnownFileType = image.jpeg; path = IMG_4075.jpg; sourceTree = "<group>"; };
		09355066179DED5500B612EC /* IMG_4076.jpg */ = {isa = PBXFileReference; lastKnownFileType = image.jpeg; path = IMG_4076.jpg; sourceTree = "<group>"; };
		09355067179DED5500B612EC /* IMG_4090.jpg */ = {isa = PBXFileReference; lastKnownFileType = image.jpeg; path = IMG_4090.jpg; sourceTree = "<group>"; };
		09355068179DED5600B612EC /* IMG_4095.jpg */ = {isa = PBXFileReference; lastKnownFileType = image.jpeg; path = IMG_4095.jpg; sourceTree = "<group>"; };
		09355069179DED5600B612EC /* IMG_4099.jpg */ = {isa = PBXFileReference; lastKnownFileType = image.jpeg; path = IMG_4099.jpg; sourceTree = "<group>"; };
		0935506A179DED5600B612EC /* IMG_4100.jpg */ = {isa = PBXFileReference; lastKnownFileType = image.jpeg; path = IMG_4100.jpg; sourceTree = "<group>"; };
		0935506B179DED5700B612EC /* IMG_4107.jpg */ = {isa = PBXFileReference; lastKnownFileType = image.jpeg; path = IMG_4107.jpg; sourceTree = "<group>"; };
		0935506C179DED5700B612EC /* IMG_4114.jpg */ = {isa = PBXFileReference; lastKnownFileType = image.jpeg; path = IMG_4114.jpg; sourceTree = "<group>"; };
		0935506D179DED5800B612EC /* IMG_4120.jpg */ = {isa = PBXFileReference; lastKnownFileType = image.jpeg; path = IMG_4120.jpg; sourceTree = "<group>"; };
		0935506E179DED5900B612EC /* IMG_4124.jpg */ = {isa = PBXFileReference; lastKnownFileType = image.jpeg; path = IMG_4124.jpg; sourceTree = "<group>"; };
		095374E518518465008B312F /* SessionsViewController.h */ = {isa = PBXFileReference; fileEncoding = 4; lastKnownFileType = sourcecode.c.h; path = SessionsViewController.h; sourceTree = "<group>"; };
		095374E618518465008B312F /* SessionsViewController.m */ = {isa = PBXFileReference; fileEncoding = 4; lastKnownFileType = sourcecode.c.objc; path = SessionsViewController.m; sourceTree = "<group>"; };
		095374E8185185BD008B312F /* DocumentView.xib */ = {isa = PBXFileReference; fileEncoding = 4; lastKnownFileType = file.xib; path = DocumentView.xib; sourceTree = "<group>"; };
		09B31F3B1789CCAF0018AB6A /* WhichBill.app */ = {isa = PBXFileReference; explicitFileType = wrapper.application; includeInIndex = 0; path = WhichBill.app; sourceTree = BUILT_PRODUCTS_DIR; };
		09B31F3E1789CCAF0018AB6A /* UIKit.framework */ = {isa = PBXFileReference; lastKnownFileType = wrapper.framework; name = UIKit.framework; path = System/Library/Frameworks/UIKit.framework; sourceTree = SDKROOT; };
		09B31F401789CCAF0018AB6A /* Foundation.framework */ = {isa = PBXFileReference; lastKnownFileType = wrapper.framework; name = Foundation.framework; path = System/Library/Frameworks/Foundation.framework; sourceTree = SDKROOT; };
		09B31F421789CCAF0018AB6A /* CoreGraphics.framework */ = {isa = PBXFileReference; lastKnownFileType = wrapper.framework; name = CoreGraphics.framework; path = System/Library/Frameworks/CoreGraphics.framework; sourceTree = SDKROOT; };
		09B31F461789CCAF0018AB6A /* WhichBill-Info.plist */ = {isa = PBXFileReference; lastKnownFileType = text.plist.xml; path = "WhichBill-Info.plist"; sourceTree = "<group>"; };
		09B31F481789CCAF0018AB6A /* en */ = {isa = PBXFileReference; lastKnownFileType = text.plist.strings; name = en; path = en.lproj/InfoPlist.strings; sourceTree = "<group>"; };
		09B31F4A1789CCAF0018AB6A /* main.m */ = {isa = PBXFileReference; lastKnownFileType = sourcecode.c.objc; path = main.m; sourceTree = "<group>"; };
		09B31F4C1789CCAF0018AB6A /* WhichBill-Prefix.pch */ = {isa = PBXFileReference; lastKnownFileType = sourcecode.c.h; path = "WhichBill-Prefix.pch"; sourceTree = "<group>"; };
		09B31F4D1789CCAF0018AB6A /* WhichBillAppDelegate.h */ = {isa = PBXFileReference; lastKnownFileType = sourcecode.c.h; path = WhichBillAppDelegate.h; sourceTree = "<group>"; };
		09B31F4E1789CCAF0018AB6A /* WhichBillAppDelegate.m */ = {isa = PBXFileReference; lastKnownFileType = sourcecode.c.objc; path = WhichBillAppDelegate.m; sourceTree = "<group>"; };
		09B31F501789CCAF0018AB6A /* Default.png */ = {isa = PBXFileReference; lastKnownFileType = image.png; path = Default.png; sourceTree = "<group>"; };
		09B31F521789CCAF0018AB6A /* Default@2x.png */ = {isa = PBXFileReference; lastKnownFileType = image.png; path = "Default@2x.png"; sourceTree = "<group>"; };
		09B31F541789CCAF0018AB6A /* Default-568h@2x.png */ = {isa = PBXFileReference; lastKnownFileType = image.png; path = "Default-568h@2x.png"; sourceTree = "<group>"; };
		09B31F561789CCAF0018AB6A /* WhichBillViewController.h */ = {isa = PBXFileReference; lastKnownFileType = sourcecode.c.h; path = WhichBillViewController.h; sourceTree = "<group>"; };
		09B31F571789CCAF0018AB6A /* WhichBillViewController.m */ = {isa = PBXFileReference; lastKnownFileType = sourcecode.c.objc; path = WhichBillViewController.m; sourceTree = "<group>"; };
		09B31F5A1789CCAF0018AB6A /* en */ = {isa = PBXFileReference; lastKnownFileType = file.xib; name = en; path = en.lproj/WhichBillViewController.xib; sourceTree = "<group>"; };
		09B31F611789CCAF0018AB6A /* WhichBillTests.octest */ = {isa = PBXFileReference; explicitFileType = wrapper.cfbundle; includeInIndex = 0; path = WhichBillTests.octest; sourceTree = BUILT_PRODUCTS_DIR; };
		09B31F6A1789CCAF0018AB6A /* WhichBillTests-Info.plist */ = {isa = PBXFileReference; lastKnownFileType = text.plist.xml; path = "WhichBillTests-Info.plist"; sourceTree = "<group>"; };
		09B31F6C1789CCAF0018AB6A /* en */ = {isa = PBXFileReference; lastKnownFileType = text.plist.strings; name = en; path = en.lproj/InfoPlist.strings; sourceTree = "<group>"; };
		09B31F6E1789CCAF0018AB6A /* WhichBillTests.h */ = {isa = PBXFileReference; lastKnownFileType = sourcecode.c.h; path = WhichBillTests.h; sourceTree = "<group>"; };
		09B31F6F1789CCAF0018AB6A /* WhichBillTests.m */ = {isa = PBXFileReference; lastKnownFileType = sourcecode.c.objc; path = WhichBillTests.m; sourceTree = "<group>"; };
		09E64EF718483BB600244097 /* bcon.c */ = {isa = PBXFileReference; lastKnownFileType = sourcecode.c.c; path = bcon.c; sourceTree = "<group>"; };
		09E64EF818483BB600244097 /* bcon.h */ = {isa = PBXFileReference; lastKnownFileType = sourcecode.c.h; path = bcon.h; sourceTree = "<group>"; };
		09E64EF918483BB600244097 /* bson.c */ = {isa = PBXFileReference; lastKnownFileType = sourcecode.c.c; path = bson.c; sourceTree = "<group>"; };
		09E64EFA18483BB600244097 /* bson.h */ = {isa = PBXFileReference; lastKnownFileType = sourcecode.c.h; path = bson.h; sourceTree = "<group>"; };
		09E64EFB18483BB600244097 /* encoding.c */ = {isa = PBXFileReference; lastKnownFileType = sourcecode.c.c; path = encoding.c; sourceTree = "<group>"; };
		09E64EFC18483BB600244097 /* encoding.h */ = {isa = PBXFileReference; lastKnownFileType = sourcecode.c.h; path = encoding.h; sourceTree = "<group>"; };
		09E64EFD18483BB600244097 /* env.c */ = {isa = PBXFileReference; lastKnownFileType = sourcecode.c.c; path = env.c; sourceTree = "<group>"; };
		09E64EFE18483BB600244097 /* env.h */ = {isa = PBXFileReference; lastKnownFileType = sourcecode.c.h; path = env.h; sourceTree = "<group>"; };
		09E64EFF18483BB600244097 /* gridfs.c */ = {isa = PBXFileReference; lastKnownFileType = sourcecode.c.c; path = gridfs.c; sourceTree = "<group>"; };
		09E64F0018483BB600244097 /* gridfs.h */ = {isa = PBXFileReference; lastKnownFileType = sourcecode.c.h; path = gridfs.h; sourceTree = "<group>"; };
		09E64F0118483BB600244097 /* md5.c */ = {isa = PBXFileReference; lastKnownFileType = sourcecode.c.c; path = md5.c; sourceTree = "<group>"; };
		09E64F0218483BB600244097 /* md5.h */ = {isa = PBXFileReference; lastKnownFileType = sourcecode.c.h; path = md5.h; sourceTree = "<group>"; };
		09E64F0318483BB600244097 /* mongo.c */ = {isa = PBXFileReference; lastKnownFileType = sourcecode.c.c; path = mongo.c; sourceTree = "<group>"; };
		09E64F0418483BB600244097 /* mongo.h */ = {isa = PBXFileReference; lastKnownFileType = sourcecode.c.h; path = mongo.h; sourceTree = "<group>"; };
		09E64F0518483BB600244097 /* numbers.c */ = {isa = PBXFileReference; lastKnownFileType = sourcecode.c.c; path = numbers.c; sourceTree = "<group>"; };
		09E64F0D18483C1800244097 /* BSON_Helper.h */ = {isa = PBXFileReference; fileEncoding = 4; lastKnownFileType = sourcecode.c.h; path = BSON_Helper.h; sourceTree = "<group>"; };
		09E64F0E18483C1800244097 /* BSON_Helper.m */ = {isa = PBXFileReference; fileEncoding = 4; lastKnownFileType = sourcecode.c.objc; path = BSON_Helper.m; sourceTree = "<group>"; };
		09E64F0F18483C1800244097 /* BSON_PrivateInterfaces.h */ = {isa = PBXFileReference; fileEncoding = 4; lastKnownFileType = sourcecode.c.h; path = BSON_PrivateInterfaces.h; sourceTree = "<group>"; };
		09E64F1018483C1800244097 /* BSONCoding.h */ = {isa = PBXFileReference; fileEncoding = 4; lastKnownFileType = sourcecode.c.h; path = BSONCoding.h; sourceTree = "<group>"; };
		09E64F1118483C1800244097 /* BSONDecoder.h */ = {isa = PBXFileReference; fileEncoding = 4; lastKnownFileType = sourcecode.c.h; path = BSONDecoder.h; sourceTree = "<group>"; };
		09E64F1218483C1800244097 /* BSONDecoder.m */ = {isa = PBXFileReference; fileEncoding = 4; lastKnownFileType = sourcecode.c.objc; path = BSONDecoder.m; sourceTree = "<group>"; };
		09E64F1318483C1800244097 /* BSONDocument.h */ = {isa = PBXFileReference; fileEncoding = 4; lastKnownFileType = sourcecode.c.h; path = BSONDocument.h; sourceTree = "<group>"; };
		09E64F1418483C1800244097 /* BSONDocument.m */ = {isa = PBXFileReference; fileEncoding = 4; lastKnownFileType = sourcecode.c.objc; path = BSONDocument.m; sourceTree = "<group>"; };
		09E64F1518483C1800244097 /* BSONEncoder.h */ = {isa = PBXFileReference; fileEncoding = 4; lastKnownFileType = sourcecode.c.h; path = BSONEncoder.h; sourceTree = "<group>"; };
		09E64F1618483C1800244097 /* BSONEncoder.m */ = {isa = PBXFileReference; fileEncoding = 4; lastKnownFileType = sourcecode.c.objc; path = BSONEncoder.m; sourceTree = "<group>"; };
		09E64F1718483C1800244097 /* BSONIterator.h */ = {isa = PBXFileReference; fileEncoding = 4; lastKnownFileType = sourcecode.c.h; path = BSONIterator.h; sourceTree = "<group>"; };
		09E64F1818483C1800244097 /* BSONIterator.m */ = {isa = PBXFileReference; fileEncoding = 4; lastKnownFileType = sourcecode.c.objc; path = BSONIterator.m; sourceTree = "<group>"; };
		09E64F1918483C1800244097 /* BSONTypes.h */ = {isa = PBXFileReference; fileEncoding = 4; lastKnownFileType = sourcecode.c.h; path = BSONTypes.h; sourceTree = "<group>"; };
		09E64F1A18483C1800244097 /* BSONTypes.m */ = {isa = PBXFileReference; fileEncoding = 4; lastKnownFileType = sourcecode.c.objc; path = BSONTypes.m; sourceTree = "<group>"; };
		09E64F1B18483C1800244097 /* NSData+BSONAdditions.h */ = {isa = PBXFileReference; fileEncoding = 4; lastKnownFileType = sourcecode.c.h; path = "NSData+BSONAdditions.h"; sourceTree = "<group>"; };
		09E64F1C18483C1800244097 /* NSData+BSONAdditions.m */ = {isa = PBXFileReference; fileEncoding = 4; lastKnownFileType = sourcecode.c.objc; path = "NSData+BSONAdditions.m"; sourceTree = "<group>"; };
		09E64F1D18483C1800244097 /* NSDictionary+BSONAdditions.h */ = {isa = PBXFileReference; fileEncoding = 4; lastKnownFileType = sourcecode.c.h; path = "NSDictionary+BSONAdditions.h"; sourceTree = "<group>"; };
		09E64F1E18483C1800244097 /* NSDictionary+BSONAdditions.m */ = {isa = PBXFileReference; fileEncoding = 4; lastKnownFileType = sourcecode.c.objc; path = "NSDictionary+BSONAdditions.m"; sourceTree = "<group>"; };
		09E64F1F18483C1800244097 /* NSManagedObject+BSONCoding.h */ = {isa = PBXFileReference; fileEncoding = 4; lastKnownFileType = sourcecode.c.h; path = "NSManagedObject+BSONCoding.h"; sourceTree = "<group>"; };
		09E64F2018483C1800244097 /* NSManagedObject+BSONCoding.m */ = {isa = PBXFileReference; fileEncoding = 4; lastKnownFileType = sourcecode.c.objc; path = "NSManagedObject+BSONCoding.m"; sourceTree = "<group>"; };
		09E64F2118483C1800244097 /* NSString+BSONAdditions.h */ = {isa = PBXFileReference; fileEncoding = 4; lastKnownFileType = sourcecode.c.h; path = "NSString+BSONAdditions.h"; sourceTree = "<group>"; };
		09E64F2218483C1800244097 /* NSString+BSONAdditions.m */ = {isa = PBXFileReference; fileEncoding = 4; lastKnownFileType = sourcecode.c.objc; path = "NSString+BSONAdditions.m"; sourceTree = "<group>"; };
		09E64F2318483C1800244097 /* ObjCBSON.h */ = {isa = PBXFileReference; fileEncoding = 4; lastKnownFileType = sourcecode.c.h; path = ObjCBSON.h; sourceTree = "<group>"; };
		09E64F2418483C1800244097 /* ObjCBSON.m */ = {isa = PBXFileReference; fileEncoding = 4; lastKnownFileType = sourcecode.c.objc; path = ObjCBSON.m; sourceTree = "<group>"; };
		09E64F2618483C1800244097 /* Mongo_Helper.h */ = {isa = PBXFileReference; fileEncoding = 4; lastKnownFileType = sourcecode.c.h; path = Mongo_Helper.h; sourceTree = "<group>"; };
		09E64F2718483C1800244097 /* Mongo_Helper.m */ = {isa = PBXFileReference; fileEncoding = 4; lastKnownFileType = sourcecode.c.objc; path = Mongo_Helper.m; sourceTree = "<group>"; };
		09E64F2818483C1800244097 /* Mongo_PrivateInterfaces.h */ = {isa = PBXFileReference; fileEncoding = 4; lastKnownFileType = sourcecode.c.h; path = Mongo_PrivateInterfaces.h; sourceTree = "<group>"; };
		09E64F2918483C1800244097 /* MongoConnection+Diagnostics.h */ = {isa = PBXFileReference; fileEncoding = 4; lastKnownFileType = sourcecode.c.h; path = "MongoConnection+Diagnostics.h"; sourceTree = "<group>"; };
		09E64F2A18483C1800244097 /* MongoConnection+Diagnostics.m */ = {isa = PBXFileReference; fileEncoding = 4; lastKnownFileType = sourcecode.c.objc; path = "MongoConnection+Diagnostics.m"; sourceTree = "<group>"; };
		09E64F2B18483C1800244097 /* MongoConnection.h */ = {isa = PBXFileReference; fileEncoding = 4; lastKnownFileType = sourcecode.c.h; path = MongoConnection.h; sourceTree = "<group>"; };
		09E64F2C18483C1800244097 /* MongoConnection.m */ = {isa = PBXFileReference; fileEncoding = 4; lastKnownFileType = sourcecode.c.objc; path = MongoConnection.m; sourceTree = "<group>"; };
		09E64F2D18483C1800244097 /* MongoCursor.h */ = {isa = PBXFileReference; fileEncoding = 4; lastKnownFileType = sourcecode.c.h; path = MongoCursor.h; sourceTree = "<group>"; };
		09E64F2E18483C1800244097 /* MongoCursor.m */ = {isa = PBXFileReference; fileEncoding = 4; lastKnownFileType = sourcecode.c.objc; path = MongoCursor.m; sourceTree = "<group>"; };
		09E64F2F18483C1800244097 /* MongoDBCollection.h */ = {isa = PBXFileReference; fileEncoding = 4; lastKnownFileType = sourcecode.c.h; path = MongoDBCollection.h; sourceTree = "<group>"; };
		09E64F3018483C1800244097 /* MongoDBCollection.m */ = {isa = PBXFileReference; fileEncoding = 4; lastKnownFileType = sourcecode.c.objc; path = MongoDBCollection.m; sourceTree = "<group>"; };
		09E64F3118483C1800244097 /* MongoFindRequest.h */ = {isa = PBXFileReference; fileEncoding = 4; lastKnownFileType = sourcecode.c.h; path = MongoFindRequest.h; sourceTree = "<group>"; };
		09E64F3218483C1800244097 /* MongoFindRequest.m */ = {isa = PBXFileReference; fileEncoding = 4; lastKnownFileType = sourcecode.c.objc; path = MongoFindRequest.m; sourceTree = "<group>"; };
		09E64F3318483C1800244097 /* MongoKeyedPredicate.h */ = {isa = PBXFileReference; fileEncoding = 4; lastKnownFileType = sourcecode.c.h; path = MongoKeyedPredicate.h; sourceTree = "<group>"; };
		09E64F3418483C1800244097 /* MongoKeyedPredicate.m */ = {isa = PBXFileReference; fileEncoding = 4; lastKnownFileType = sourcecode.c.objc; path = MongoKeyedPredicate.m; sourceTree = "<group>"; };
		09E64F3518483C1800244097 /* MongoPredicate.h */ = {isa = PBXFileReference; fileEncoding = 4; lastKnownFileType = sourcecode.c.h; path = MongoPredicate.h; sourceTree = "<group>"; };
		09E64F3618483C1800244097 /* MongoPredicate.m */ = {isa = PBXFileReference; fileEncoding = 4; lastKnownFileType = sourcecode.c.objc; path = MongoPredicate.m; sourceTree = "<group>"; };
		09E64F3718483C1800244097 /* MongoTypes.h */ = {isa = PBXFileReference; fileEncoding = 4; lastKnownFileType = sourcecode.c.h; path = MongoTypes.h; sourceTree = "<group>"; };
		09E64F3818483C1800244097 /* MongoTypes.m */ = {isa = PBXFileReference; fileEncoding = 4; lastKnownFileType = sourcecode.c.objc; path = MongoTypes.m; sourceTree = "<group>"; };
		09E64F3918483C1800244097 /* MongoUpdateRequest.h */ = {isa = PBXFileReference; fileEncoding = 4; lastKnownFileType = sourcecode.c.h; path = MongoUpdateRequest.h; sourceTree = "<group>"; };
		09E64F3A18483C1800244097 /* MongoUpdateRequest.m */ = {isa = PBXFileReference; fileEncoding = 4; lastKnownFileType = sourcecode.c.objc; path = MongoUpdateRequest.m; sourceTree = "<group>"; };
		09E64F3B18483C1800244097 /* MongoWriteConcern.h */ = {isa = PBXFileReference; fileEncoding = 4; lastKnownFileType = sourcecode.c.h; path = MongoWriteConcern.h; sourceTree = "<group>"; };
		09E64F3C18483C1800244097 /* MongoWriteConcern.m */ = {isa = PBXFileReference; fileEncoding = 4; lastKnownFileType = sourcecode.c.objc; path = MongoWriteConcern.m; sourceTree = "<group>"; };
		09E64F3D18483C1800244097 /* NSArray+MongoAdditions.h */ = {isa = PBXFileReference; fileEncoding = 4; lastKnownFileType = sourcecode.c.h; path = "NSArray+MongoAdditions.h"; sourceTree = "<group>"; };
		09E64F3E18483C1800244097 /* NSArray+MongoAdditions.m */ = {isa = PBXFileReference; fileEncoding = 4; lastKnownFileType = sourcecode.c.objc; path = "NSArray+MongoAdditions.m"; sourceTree = "<group>"; };
		09E64F3F18483C1800244097 /* ObjCMongoDB.h */ = {isa = PBXFileReference; fileEncoding = 4; lastKnownFileType = sourcecode.c.h; path = ObjCMongoDB.h; sourceTree = "<group>"; };
		09E64F4118483C1800244097 /* OrderedDictionary.h */ = {isa = PBXFileReference; fileEncoding = 4; lastKnownFileType = sourcecode.c.h; path = OrderedDictionary.h; sourceTree = "<group>"; };
		09E64F4218483C1800244097 /* OrderedDictionary.m */ = {isa = PBXFileReference; fileEncoding = 4; lastKnownFileType = sourcecode.c.objc; path = OrderedDictionary.m; sourceTree = "<group>"; };
		09E64F5B18483C6400244097 /* CoreData.framework */ = {isa = PBXFileReference; lastKnownFileType = wrapper.framework; name = CoreData.framework; path = System/Library/Frameworks/CoreData.framework; sourceTree = SDKROOT; };
		09E64F7118497E3800244097 /* TeachersViewController.h */ = {isa = PBXFileReference; fileEncoding = 4; lastKnownFileType = sourcecode.c.h; path = TeachersViewController.h; sourceTree = "<group>"; };
		09E64F7218497E3800244097 /* TeachersViewController.m */ = {isa = PBXFileReference; fileEncoding = 4; lastKnownFileType = sourcecode.c.objc; path = TeachersViewController.m; sourceTree = "<group>"; };
		09E64F83184A6A2700244097 /* StudentsViewController.h */ = {isa = PBXFileReference; fileEncoding = 4; lastKnownFileType = sourcecode.c.h; path = StudentsViewController.h; sourceTree = "<group>"; };
		09E64F84184A6A2700244097 /* StudentsViewController.m */ = {isa = PBXFileReference; fileEncoding = 4; lastKnownFileType = sourcecode.c.objc; path = StudentsViewController.m; sourceTree = "<group>"; };
/* End PBXFileReference section */

/* Begin PBXFrameworksBuildPhase section */
		09B31F381789CCAF0018AB6A /* Frameworks */ = {
			isa = PBXFrameworksBuildPhase;
			buildActionMask = 2147483647;
			files = (
				09B31F431789CCAF0018AB6A /* CoreGraphics.framework in Frameworks */,
				09E64F5C18483C6400244097 /* CoreData.framework in Frameworks */,
				09B31F3F1789CCAF0018AB6A /* UIKit.framework in Frameworks */,
				09B31F411789CCAF0018AB6A /* Foundation.framework in Frameworks */,
			);
			runOnlyForDeploymentPostprocessing = 0;
		};
		09B31F5D1789CCAF0018AB6A /* Frameworks */ = {
			isa = PBXFrameworksBuildPhase;
			buildActionMask = 2147483647;
			files = (
				09B31F641789CCAF0018AB6A /* UIKit.framework in Frameworks */,
				09B31F651789CCAF0018AB6A /* Foundation.framework in Frameworks */,
			);
			runOnlyForDeploymentPostprocessing = 0;
		};
/* End PBXFrameworksBuildPhase section */

/* Begin PBXGroup section */
		09354FD8179B5CD000B612EC /* Imgs */ = {
			isa = PBXGroup;
			children = (
				09354FD9179B5CD000B612EC /* Items */,
				09355015179B5CD000B612EC /* Money */,
			);
			path = Imgs;
			sourceTree = "<group>";
		};
		09354FD9179B5CD000B612EC /* Items */ = {
			isa = PBXGroup;
			children = (
				09355065179DED5500B612EC /* IMG_4075.jpg */,
				09355066179DED5500B612EC /* IMG_4076.jpg */,
				09355067179DED5500B612EC /* IMG_4090.jpg */,
				09355068179DED5600B612EC /* IMG_4095.jpg */,
				09355069179DED5600B612EC /* IMG_4099.jpg */,
				0935506A179DED5600B612EC /* IMG_4100.jpg */,
				0935506B179DED5700B612EC /* IMG_4107.jpg */,
				0935506C179DED5700B612EC /* IMG_4114.jpg */,
				0935506D179DED5800B612EC /* IMG_4120.jpg */,
				0935506E179DED5900B612EC /* IMG_4124.jpg */,
			);
			path = Items;
			sourceTree = "<group>";
		};
		09355015179B5CD000B612EC /* Money */ = {
			isa = PBXGroup;
			children = (
				09355016179B5CD000B612EC /* Dollar01.jpg */,
				09355017179B5CD000B612EC /* Dollar05.jpg */,
				09355018179B5CD000B612EC /* Dollar10.jpg */,
				09355019179B5CD000B612EC /* Dollar20.jpg */,
			);
			path = Money;
			sourceTree = "<group>";
		};
		09B31F321789CCAF0018AB6A = {
			isa = PBXGroup;
			children = (
				09E64E86184836F000244097 /* ObjCMongoDB */,
				09B31F441789CCAF0018AB6A /* WhichBill */,
				09B31F681789CCAF0018AB6A /* WhichBillTests */,
				09B31F3D1789CCAF0018AB6A /* Frameworks */,
				09B31F3C1789CCAF0018AB6A /* Products */,
			);
			sourceTree = "<group>";
		};
		09B31F3C1789CCAF0018AB6A /* Products */ = {
			isa = PBXGroup;
			children = (
				09B31F3B1789CCAF0018AB6A /* WhichBill.app */,
				09B31F611789CCAF0018AB6A /* WhichBillTests.octest */,
			);
			name = Products;
			sourceTree = "<group>";
		};
		09B31F3D1789CCAF0018AB6A /* Frameworks */ = {
			isa = PBXGroup;
			children = (
				09E64F5B18483C6400244097 /* CoreData.framework */,
				09B31F3E1789CCAF0018AB6A /* UIKit.framework */,
				09B31F401789CCAF0018AB6A /* Foundation.framework */,
				09B31F421789CCAF0018AB6A /* CoreGraphics.framework */,
			);
			name = Frameworks;
			sourceTree = "<group>";
		};
		09B31F441789CCAF0018AB6A /* WhichBill */ = {
			isa = PBXGroup;
			children = (
				095374E518518465008B312F /* SessionsViewController.h */,
				09E64F83184A6A2700244097 /* StudentsViewController.h */,
				09E64F7118497E3800244097 /* TeachersViewController.h */,
				09354FD2179AEB4000B612EC /* WBItem.h */,
				09354FD5179AF15F00B612EC /* WBItemStore.h */,
				09355059179B823100B612EC /* WBImageStore.h */,
				09355062179DECC500B612EC /* WBAnswerButton.h */,
				09B31F561789CCAF0018AB6A /* WhichBillViewController.h */,
				09B31F4D1789CCAF0018AB6A /* WhichBillAppDelegate.h */,
				095374E618518465008B312F /* SessionsViewController.m */,
				09E64F84184A6A2700244097 /* StudentsViewController.m */,
				09E64F7218497E3800244097 /* TeachersViewController.m */,
				09354FD3179AEB4000B612EC /* WBItem.m */,
				09354FD6179AF15F00B612EC /* WBItemStore.m */,
				0935505A179B823200B612EC /* WBImageStore.m */,
				09355063179DECC500B612EC /* WBAnswerButton.m */,
				09B31F571789CCAF0018AB6A /* WhichBillViewController.m */,
				09B31F4E1789CCAF0018AB6A /* WhichBillAppDelegate.m */,
				095374E8185185BD008B312F /* DocumentView.xib */,
				09B31F591789CCAF0018AB6A /* WhichBillViewController.xib */,
				09B31F451789CCAF0018AB6A /* Supporting Files */,
				09354FD8179B5CD000B612EC /* Imgs */,
			);
			path = WhichBill;
			sourceTree = "<group>";
		};
		09B31F451789CCAF0018AB6A /* Supporting Files */ = {
			isa = PBXGroup;
			children = (
				09B31F461789CCAF0018AB6A /* WhichBill-Info.plist */,
				09B31F471789CCAF0018AB6A /* InfoPlist.strings */,
				09B31F4A1789CCAF0018AB6A /* main.m */,
				09B31F4C1789CCAF0018AB6A /* WhichBill-Prefix.pch */,
				09B31F501789CCAF0018AB6A /* Default.png */,
				09B31F521789CCAF0018AB6A /* Default@2x.png */,
				09B31F541789CCAF0018AB6A /* Default-568h@2x.png */,
			);
			name = "Supporting Files";
			sourceTree = "<group>";
		};
		09B31F681789CCAF0018AB6A /* WhichBillTests */ = {
			isa = PBXGroup;
			children = (
				09B31F6E1789CCAF0018AB6A /* WhichBillTests.h */,
				09B31F6F1789CCAF0018AB6A /* WhichBillTests.m */,
				09B31F691789CCAF0018AB6A /* Supporting Files */,
			);
			path = WhichBillTests;
			sourceTree = "<group>";
		};
		09B31F691789CCAF0018AB6A /* Supporting Files */ = {
			isa = PBXGroup;
			children = (
				09B31F6A1789CCAF0018AB6A /* WhichBillTests-Info.plist */,
				09B31F6B1789CCAF0018AB6A /* InfoPlist.strings */,
			);
			name = "Supporting Files";
			sourceTree = "<group>";
		};
		09E64E86184836F000244097 /* ObjCMongoDB */ = {
			isa = PBXGroup;
			children = (
				09E64F0C18483C1800244097 /* BSON */,
				09E64F2518483C1800244097 /* Mongo */,
				09E64F4018483C1800244097 /* OrderedDictionary */,
				09E64EF618483BB600244097 /* mongo-c-driver */,
			);
			name = ObjCMongoDB;
			sourceTree = "<group>";
		};
		09E64EF618483BB600244097 /* mongo-c-driver */ = {
			isa = PBXGroup;
			children = (
				09E64EF718483BB600244097 /* bcon.c */,
				09E64EF818483BB600244097 /* bcon.h */,
				09E64EF918483BB600244097 /* bson.c */,
				09E64EFA18483BB600244097 /* bson.h */,
				09E64EFB18483BB600244097 /* encoding.c */,
				09E64EFC18483BB600244097 /* encoding.h */,
				09E64EFD18483BB600244097 /* env.c */,
				09E64EFE18483BB600244097 /* env.h */,
				09E64EFF18483BB600244097 /* gridfs.c */,
				09E64F0018483BB600244097 /* gridfs.h */,
				09E64F0118483BB600244097 /* md5.c */,
				09E64F0218483BB600244097 /* md5.h */,
				09E64F0318483BB600244097 /* mongo.c */,
				09E64F0418483BB600244097 /* mongo.h */,
				09E64F0518483BB600244097 /* numbers.c */,
			);
			name = "mongo-c-driver";
			path = ObjCMongoDB/src;
			sourceTree = "<group>";
		};
		09E64F0C18483C1800244097 /* BSON */ = {
			isa = PBXGroup;
			children = (
				09E64F0D18483C1800244097 /* BSON_Helper.h */,
				09E64F0E18483C1800244097 /* BSON_Helper.m */,
				09E64F0F18483C1800244097 /* BSON_PrivateInterfaces.h */,
				09E64F1018483C1800244097 /* BSONCoding.h */,
				09E64F1118483C1800244097 /* BSONDecoder.h */,
				09E64F1218483C1800244097 /* BSONDecoder.m */,
				09E64F1318483C1800244097 /* BSONDocument.h */,
				09E64F1418483C1800244097 /* BSONDocument.m */,
				09E64F1518483C1800244097 /* BSONEncoder.h */,
				09E64F1618483C1800244097 /* BSONEncoder.m */,
				09E64F1718483C1800244097 /* BSONIterator.h */,
				09E64F1818483C1800244097 /* BSONIterator.m */,
				09E64F1918483C1800244097 /* BSONTypes.h */,
				09E64F1A18483C1800244097 /* BSONTypes.m */,
				09E64F1B18483C1800244097 /* NSData+BSONAdditions.h */,
				09E64F1C18483C1800244097 /* NSData+BSONAdditions.m */,
				09E64F1D18483C1800244097 /* NSDictionary+BSONAdditions.h */,
				09E64F1E18483C1800244097 /* NSDictionary+BSONAdditions.m */,
				09E64F1F18483C1800244097 /* NSManagedObject+BSONCoding.h */,
				09E64F2018483C1800244097 /* NSManagedObject+BSONCoding.m */,
				09E64F2118483C1800244097 /* NSString+BSONAdditions.h */,
				09E64F2218483C1800244097 /* NSString+BSONAdditions.m */,
				09E64F2318483C1800244097 /* ObjCBSON.h */,
				09E64F2418483C1800244097 /* ObjCBSON.m */,
			);
			name = BSON;
			path = ObjCMongoDB/BSON;
			sourceTree = "<group>";
		};
		09E64F2518483C1800244097 /* Mongo */ = {
			isa = PBXGroup;
			children = (
				09E64F2618483C1800244097 /* Mongo_Helper.h */,
				09E64F2718483C1800244097 /* Mongo_Helper.m */,
				09E64F2818483C1800244097 /* Mongo_PrivateInterfaces.h */,
				09E64F2918483C1800244097 /* MongoConnection+Diagnostics.h */,
				09E64F2A18483C1800244097 /* MongoConnection+Diagnostics.m */,
				09E64F2B18483C1800244097 /* MongoConnection.h */,
				09E64F2C18483C1800244097 /* MongoConnection.m */,
				09E64F2D18483C1800244097 /* MongoCursor.h */,
				09E64F2E18483C1800244097 /* MongoCursor.m */,
				09E64F2F18483C1800244097 /* MongoDBCollection.h */,
				09E64F3018483C1800244097 /* MongoDBCollection.m */,
				09E64F3118483C1800244097 /* MongoFindRequest.h */,
				09E64F3218483C1800244097 /* MongoFindRequest.m */,
				09E64F3318483C1800244097 /* MongoKeyedPredicate.h */,
				09E64F3418483C1800244097 /* MongoKeyedPredicate.m */,
				09E64F3518483C1800244097 /* MongoPredicate.h */,
				09E64F3618483C1800244097 /* MongoPredicate.m */,
				09E64F3718483C1800244097 /* MongoTypes.h */,
				09E64F3818483C1800244097 /* MongoTypes.m */,
				09E64F3918483C1800244097 /* MongoUpdateRequest.h */,
				09E64F3A18483C1800244097 /* MongoUpdateRequest.m */,
				09E64F3B18483C1800244097 /* MongoWriteConcern.h */,
				09E64F3C18483C1800244097 /* MongoWriteConcern.m */,
				09E64F3D18483C1800244097 /* NSArray+MongoAdditions.h */,
				09E64F3E18483C1800244097 /* NSArray+MongoAdditions.m */,
				09E64F3F18483C1800244097 /* ObjCMongoDB.h */,
			);
			name = Mongo;
			path = ObjCMongoDB/Mongo;
			sourceTree = "<group>";
		};
		09E64F4018483C1800244097 /* OrderedDictionary */ = {
			isa = PBXGroup;
			children = (
				09E64F4118483C1800244097 /* OrderedDictionary.h */,
				09E64F4218483C1800244097 /* OrderedDictionary.m */,
			);
			name = OrderedDictionary;
			path = ObjCMongoDB/OrderedDictionary;
			sourceTree = "<group>";
		};
/* End PBXGroup section */

/* Begin PBXNativeTarget section */
		09B31F3A1789CCAF0018AB6A /* WhichBill */ = {
			isa = PBXNativeTarget;
			buildConfigurationList = 09B31F731789CCAF0018AB6A /* Build configuration list for PBXNativeTarget "WhichBill" */;
			buildPhases = (
				09B31F371789CCAF0018AB6A /* Sources */,
				09B31F381789CCAF0018AB6A /* Frameworks */,
				09B31F391789CCAF0018AB6A /* Resources */,
			);
			buildRules = (
			);
			dependencies = (
			);
			name = WhichBill;
			productName = WhichBill;
			productReference = 09B31F3B1789CCAF0018AB6A /* WhichBill.app */;
			productType = "com.apple.product-type.application";
		};
		09B31F601789CCAF0018AB6A /* WhichBillTests */ = {
			isa = PBXNativeTarget;
			buildConfigurationList = 09B31F761789CCAF0018AB6A /* Build configuration list for PBXNativeTarget "WhichBillTests" */;
			buildPhases = (
				09B31F5C1789CCAF0018AB6A /* Sources */,
				09B31F5D1789CCAF0018AB6A /* Frameworks */,
				09B31F5E1789CCAF0018AB6A /* Resources */,
				09B31F5F1789CCAF0018AB6A /* ShellScript */,
			);
			buildRules = (
			);
			dependencies = (
				09B31F671789CCAF0018AB6A /* PBXTargetDependency */,
			);
			name = WhichBillTests;
			productName = WhichBillTests;
			productReference = 09B31F611789CCAF0018AB6A /* WhichBillTests.octest */;
			productType = "com.apple.product-type.bundle";
		};
/* End PBXNativeTarget section */

/* Begin PBXProject section */
		09B31F331789CCAF0018AB6A /* Project object */ = {
			isa = PBXProject;
			attributes = {
				CLASSPREFIX = WhichBill;
				LastUpgradeCheck = 0460;
				ORGANIZATIONNAME = "Amar Shah";
			};
			buildConfigurationList = 09B31F361789CCAF0018AB6A /* Build configuration list for PBXProject "WhichBill" */;
			compatibilityVersion = "Xcode 3.2";
			developmentRegion = English;
			hasScannedForEncodings = 0;
			knownRegions = (
				en,
			);
			mainGroup = 09B31F321789CCAF0018AB6A;
			productRefGroup = 09B31F3C1789CCAF0018AB6A /* Products */;
			projectDirPath = "";
			projectRoot = "";
			targets = (
				09B31F3A1789CCAF0018AB6A /* WhichBill */,
				09B31F601789CCAF0018AB6A /* WhichBillTests */,
			);
		};
/* End PBXProject section */

/* Begin PBXResourcesBuildPhase section */
		09B31F391789CCAF0018AB6A /* Resources */ = {
			isa = PBXResourcesBuildPhase;
			buildActionMask = 2147483647;
			files = (
				09B31F491789CCAF0018AB6A /* InfoPlist.strings in Resources */,
				09B31F511789CCAF0018AB6A /* Default.png in Resources */,
				09B31F531789CCAF0018AB6A /* Default@2x.png in Resources */,
				09B31F551789CCAF0018AB6A /* Default-568h@2x.png in Resources */,
				09B31F5B1789CCAF0018AB6A /* WhichBillViewController.xib in Resources */,
				09355055179B5CD000B612EC /* Dollar01.jpg in Resources */,
				09355056179B5CD000B612EC /* Dollar05.jpg in Resources */,
				09355057179B5CD000B612EC /* Dollar10.jpg in Resources */,
				09355058179B5CD000B612EC /* Dollar20.jpg in Resources */,
				0935506F179DED5A00B612EC /* IMG_4075.jpg in Resources */,
				09355070179DED5A00B612EC /* IMG_4076.jpg in Resources */,
				09355071179DED5A00B612EC /* IMG_4090.jpg in Resources */,
				09355072179DED5A00B612EC /* IMG_4095.jpg in Resources */,
				09355073179DED5A00B612EC /* IMG_4099.jpg in Resources */,
				09355074179DED5A00B612EC /* IMG_4100.jpg in Resources */,
				09355075179DED5A00B612EC /* IMG_4107.jpg in Resources */,
				09355076179DED5A00B612EC /* IMG_4114.jpg in Resources */,
				09355077179DED5A00B612EC /* IMG_4120.jpg in Resources */,
				09355078179DED5A00B612EC /* IMG_4124.jpg in Resources */,
				095374E9185185BD008B312F /* DocumentView.xib in Resources */,
			);
			runOnlyForDeploymentPostprocessing = 0;
		};
		09B31F5E1789CCAF0018AB6A /* Resources */ = {
			isa = PBXResourcesBuildPhase;
			buildActionMask = 2147483647;
			files = (
				09B31F6D1789CCAF0018AB6A /* InfoPlist.strings in Resources */,
			);
			runOnlyForDeploymentPostprocessing = 0;
		};
/* End PBXResourcesBuildPhase section */

/* Begin PBXShellScriptBuildPhase section */
		09B31F5F1789CCAF0018AB6A /* ShellScript */ = {
			isa = PBXShellScriptBuildPhase;
			buildActionMask = 2147483647;
			files = (
			);
			inputPaths = (
			);
			outputPaths = (
			);
			runOnlyForDeploymentPostprocessing = 0;
			shellPath = /bin/sh;
			shellScript = "# Run the unit tests in this test bundle.\n\"${SYSTEM_DEVELOPER_DIR}/Tools/RunUnitTests\"\n";
		};
/* End PBXShellScriptBuildPhase section */

/* Begin PBXSourcesBuildPhase section */
		09B31F371789CCAF0018AB6A /* Sources */ = {
			isa = PBXSourcesBuildPhase;
			buildActionMask = 2147483647;
			files = (
				09E64F0A18483BD900244097 /* mongo.c in Sources */,
				09E64F0918483BD900244097 /* md5.c in Sources */,
				09B31F4B1789CCAF0018AB6A /* main.m in Sources */,
				09E64F85184A6A2700244097 /* StudentsViewController.m in Sources */,
				09E64F4418483C1800244097 /* BSONDecoder.m in Sources */,
				09E64F5A18483C1800244097 /* OrderedDictionary.m in Sources */,
				09E64F4C18483C1800244097 /* NSString+BSONAdditions.m in Sources */,
				09E64F4F18483C1800244097 /* MongoConnection+Diagnostics.m in Sources */,
				09E64F4D18483C1800244097 /* ObjCBSON.m in Sources */,
				095374E718518465008B312F /* SessionsViewController.m in Sources */,
				09E64F4A18483C1800244097 /* NSDictionary+BSONAdditions.m in Sources */,
				09E64F5018483C1800244097 /* MongoConnection.m in Sources */,
				09E64F5818483C1800244097 /* MongoWriteConcern.m in Sources */,
				09E64F5318483C1800244097 /* MongoFindRequest.m in Sources */,
				09E64F4B18483C1800244097 /* NSManagedObject+BSONCoding.m in Sources */,
				09E64F7318497E3800244097 /* TeachersViewController.m in Sources */,
				09E64F4918483C1800244097 /* NSData+BSONAdditions.m in Sources */,
				09E64F4318483C1800244097 /* BSON_Helper.m in Sources */,
				09E64F5718483C1800244097 /* MongoUpdateRequest.m in Sources */,
				09E64F4718483C1800244097 /* BSONIterator.m in Sources */,
				09E64F4618483C1800244097 /* BSONEncoder.m in Sources */,
				09E64F4818483C1800244097 /* BSONTypes.m in Sources */,
				09E64F0618483BD900244097 /* bson.c in Sources */,
				09B31F4F1789CCAF0018AB6A /* WhichBillAppDelegate.m in Sources */,
				09E64F0718483BD900244097 /* encoding.c in Sources */,
				09E64F5618483C1800244097 /* MongoTypes.m in Sources */,
				09B31F581789CCAF0018AB6A /* WhichBillViewController.m in Sources */,
				09354FD4179AEB4000B612EC /* WBItem.m in Sources */,
				09E64F4518483C1800244097 /* BSONDocument.m in Sources */,
				09E64F5218483C1800244097 /* MongoDBCollection.m in Sources */,
				09354FD7179AF15F00B612EC /* WBItemStore.m in Sources */,
				09E64F5418483C1800244097 /* MongoKeyedPredicate.m in Sources */,
				09E64F0818483BD900244097 /* env.c in Sources */,
				09E64F5918483C1800244097 /* NSArray+MongoAdditions.m in Sources */,
				09E64F4E18483C1800244097 /* Mongo_Helper.m in Sources */,
				09E64F0B18483BD900244097 /* numbers.c in Sources */,
				09E64F5518483C1800244097 /* MongoPredicate.m in Sources */,
				0935505B179B823200B612EC /* WBImageStore.m in Sources */,
				09E64F5118483C1800244097 /* MongoCursor.m in Sources */,
				09355064179DECC500B612EC /* WBAnswerButton.m in Sources */,
			);
			runOnlyForDeploymentPostprocessing = 0;
		};
		09B31F5C1789CCAF0018AB6A /* Sources */ = {
			isa = PBXSourcesBuildPhase;
			buildActionMask = 2147483647;
			files = (
				09B31F701789CCAF0018AB6A /* WhichBillTests.m in Sources */,
			);
			runOnlyForDeploymentPostprocessing = 0;
		};
/* End PBXSourcesBuildPhase section */

/* Begin PBXTargetDependency section */
		09B31F671789CCAF0018AB6A /* PBXTargetDependency */ = {
			isa = PBXTargetDependency;
			target = 09B31F3A1789CCAF0018AB6A /* WhichBill */;
			targetProxy = 09B31F661789CCAF0018AB6A /* PBXContainerItemProxy */;
		};
/* End PBXTargetDependency section */

/* Begin PBXVariantGroup section */
		09B31F471789CCAF0018AB6A /* InfoPlist.strings */ = {
			isa = PBXVariantGroup;
			children = (
				09B31F481789CCAF0018AB6A /* en */,
			);
			name = InfoPlist.strings;
			sourceTree = "<group>";
		};
		09B31F591789CCAF0018AB6A /* WhichBillViewController.xib */ = {
			isa = PBXVariantGroup;
			children = (
				09B31F5A1789CCAF0018AB6A /* en */,
			);
			name = WhichBillViewController.xib;
			sourceTree = "<group>";
		};
		09B31F6B1789CCAF0018AB6A /* InfoPlist.strings */ = {
			isa = PBXVariantGroup;
			children = (
				09B31F6C1789CCAF0018AB6A /* en */,
			);
			name = InfoPlist.strings;
			sourceTree = "<group>";
		};
/* End PBXVariantGroup section */

/* Begin XCBuildConfiguration section */
		09B31F711789CCAF0018AB6A /* Debug */ = {
			isa = XCBuildConfiguration;
			buildSettings = {
				ALWAYS_SEARCH_USER_PATHS = NO;
				CLANG_CXX_LANGUAGE_STANDARD = "gnu++0x";
				CLANG_CXX_LIBRARY = "libc++";
				CLANG_ENABLE_OBJC_ARC = YES;
				CLANG_WARN_CONSTANT_CONVERSION = YES;
				CLANG_WARN_EMPTY_BODY = YES;
				CLANG_WARN_ENUM_CONVERSION = YES;
				CLANG_WARN_INT_CONVERSION = YES;
				CLANG_WARN__DUPLICATE_METHOD_MATCH = YES;
				"CODE_SIGN_IDENTITY[sdk=iphoneos*]" = "iPhone Developer";
				COPY_PHASE_STRIP = NO;
				GCC_C_LANGUAGE_STANDARD = gnu99;
				GCC_DYNAMIC_NO_PIC = NO;
				GCC_OPTIMIZATION_LEVEL = 0;
				GCC_PREPROCESSOR_DEFINITIONS = (
					"DEBUG=1",
					"$(inherited)",
				);
				GCC_SYMBOLS_PRIVATE_EXTERN = NO;
				GCC_WARN_ABOUT_RETURN_TYPE = YES;
				GCC_WARN_UNINITIALIZED_AUTOS = YES;
				GCC_WARN_UNUSED_VARIABLE = YES;
				IPHONEOS_DEPLOYMENT_TARGET = 6.1;
				ONLY_ACTIVE_ARCH = YES;
				SDKROOT = iphoneos;
				TARGETED_DEVICE_FAMILY = 2;
			};
			name = Debug;
		};
		09B31F721789CCAF0018AB6A /* Release */ = {
			isa = XCBuildConfiguration;
			buildSettings = {
				ALWAYS_SEARCH_USER_PATHS = NO;
				CLANG_CXX_LANGUAGE_STANDARD = "gnu++0x";
				CLANG_CXX_LIBRARY = "libc++";
				CLANG_ENABLE_OBJC_ARC = YES;
				CLANG_WARN_CONSTANT_CONVERSION = YES;
				CLANG_WARN_EMPTY_BODY = YES;
				CLANG_WARN_ENUM_CONVERSION = YES;
				CLANG_WARN_INT_CONVERSION = YES;
				CLANG_WARN__DUPLICATE_METHOD_MATCH = YES;
				"CODE_SIGN_IDENTITY[sdk=iphoneos*]" = "iPhone Developer";
				COPY_PHASE_STRIP = YES;
				GCC_C_LANGUAGE_STANDARD = gnu99;
				GCC_WARN_ABOUT_RETURN_TYPE = YES;
				GCC_WARN_UNINITIALIZED_AUTOS = YES;
				GCC_WARN_UNUSED_VARIABLE = YES;
				IPHONEOS_DEPLOYMENT_TARGET = 6.1;
				OTHER_CFLAGS = "-DNS_BLOCK_ASSERTIONS=1";
				SDKROOT = iphoneos;
				TARGETED_DEVICE_FAMILY = 2;
				VALIDATE_PRODUCT = YES;
			};
			name = Release;
		};
		09B31F741789CCAF0018AB6A /* Debug */ = {
			isa = XCBuildConfiguration;
			buildSettings = {
				FRAMEWORK_SEARCH_PATHS = (
					"$(inherited)",
					/Users/amar/Documents/Projects/WhichBillMongoDB,
				);
				GCC_PRECOMPILE_PREFIX_HEADER = YES;
				GCC_PREFIX_HEADER = "WhichBill/WhichBill-Prefix.pch";
				INFOPLIST_FILE = "WhichBill/WhichBill-Info.plist";
				PRODUCT_NAME = "$(TARGET_NAME)";
				WRAPPER_EXTENSION = app;
			};
			name = Debug;
		};
		09B31F751789CCAF0018AB6A /* Release */ = {
			isa = XCBuildConfiguration;
			buildSettings = {
				FRAMEWORK_SEARCH_PATHS = (
					"$(inherited)",
					/Users/amar/Documents/Projects/WhichBillMongoDB,
				);
				GCC_PRECOMPILE_PREFIX_HEADER = YES;
				GCC_PREFIX_HEADER = "WhichBill/WhichBill-Prefix.pch";
				INFOPLIST_FILE = "WhichBill/WhichBill-Info.plist";
				PRODUCT_NAME = "$(TARGET_NAME)";
				WRAPPER_EXTENSION = app;
			};
			name = Release;
		};
		09B31F771789CCAF0018AB6A /* Debug */ = {
			isa = XCBuildConfiguration;
			buildSettings = {
				BUNDLE_LOADER = "$(BUILT_PRODUCTS_DIR)/WhichBill.app/WhichBill";
				FRAMEWORK_SEARCH_PATHS = (
					"\"$(SDKROOT)/Developer/Library/Frameworks\"",
					"\"$(DEVELOPER_LIBRARY_DIR)/Frameworks\"",
				);
				GCC_PRECOMPILE_PREFIX_HEADER = YES;
				GCC_PREFIX_HEADER = "WhichBill/WhichBill-Prefix.pch";
				INFOPLIST_FILE = "WhichBillTests/WhichBillTests-Info.plist";
				PRODUCT_NAME = "$(TARGET_NAME)";
				TEST_HOST = "$(BUNDLE_LOADER)";
				WRAPPER_EXTENSION = octest;
			};
			name = Debug;
		};
		09B31F781789CCAF0018AB6A /* Release */ = {
			isa = XCBuildConfiguration;
			buildSettings = {
				BUNDLE_LOADER = "$(BUILT_PRODUCTS_DIR)/WhichBill.app/WhichBill";
				FRAMEWORK_SEARCH_PATHS = (
					"\"$(SDKROOT)/Developer/Library/Frameworks\"",
					"\"$(DEVELOPER_LIBRARY_DIR)/Frameworks\"",
				);
				GCC_PRECOMPILE_PREFIX_HEADER = YES;
				GCC_PREFIX_HEADER = "WhichBill/WhichBill-Prefix.pch";
				INFOPLIST_FILE = "WhichBillTests/WhichBillTests-Info.plist";
				PRODUCT_NAME = "$(TARGET_NAME)";
				TEST_HOST = "$(BUNDLE_LOADER)";
				WRAPPER_EXTENSION = octest;
			};
			name = Release;
		};
/* End XCBuildConfiguration section */

/* Begin XCConfigurationList section */
		09B31F361789CCAF0018AB6A /* Build configuration list for PBXProject "WhichBill" */ = {
			isa = XCConfigurationList;
			buildConfigurations = (
				09B31F711789CCAF0018AB6A /* Debug */,
				09B31F721789CCAF0018AB6A /* Release */,
			);
			defaultConfigurationIsVisible = 0;
			defaultConfigurationName = Release;
		};
		09B31F731789CCAF0018AB6A /* Build configuration list for PBXNativeTarget "WhichBill" */ = {
			isa = XCConfigurationList;
			buildConfigurations = (
				09B31F741789CCAF0018AB6A /* Debug */,
				09B31F751789CCAF0018AB6A /* Release */,
			);
			defaultConfigurationIsVisible = 0;
			defaultConfigurationName = Release;
		};
		09B31F761789CCAF0018AB6A /* Build configuration list for PBXNativeTarget "WhichBillTests" */ = {
			isa = XCConfigurationList;
			buildConfigurations = (
				09B31F771789CCAF0018AB6A /* Debug */,
				09B31F781789CCAF0018AB6A /* Release */,
			);
			defaultConfigurationIsVisible = 0;
			defaultConfigurationName = Release;
		};
/* End XCConfigurationList section */
	};
	rootObject = 09B31F331789CCAF0018AB6A /* Project object */;
}
