// !$*UTF8*$!
{
	archiveVersion = 1;
	classes = {
	};
	objectVersion = 46;
	objects = {

/* Begin PBXBuildFile section */
		09354FD4179AEB4000B612EC /* WBItem.m in Sources */ = {isa = PBXBuildFile; fileRef = 09354FD3179AEB4000B612EC /* WBItem.m */; };
		09354FD7179AF15F00B612EC /* WBItemStore.m in Sources */ = {isa = PBXBuildFile; fileRef = 09354FD6179AF15F00B612EC /* WBItemStore.m */; };
		09355055179B5CD000B612EC /* Dollar01.jpg in Resources */ = {isa = PBXBuildFile; fileRef = 09355016179B5CD000B612EC /* Dollar01.jpg */; };
		09355056179B5CD000B612EC /* Dollar05.jpg in Resources */ = {isa = PBXBuildFile; fileRef = 09355017179B5CD000B612EC /* Dollar05.jpg */; };
		09355057179B5CD000B612EC /* Dollar10.jpg in Resources */ = {isa = PBXBuildFile; fileRef = 09355018179B5CD000B612EC /* Dollar10.jpg */; };
		09355058179B5CD000B612EC /* Dollar20.jpg in Resources */ = {isa = PBXBuildFile; fileRef = 09355019179B5CD000B612EC /* Dollar20.jpg */; };
		0935505B179B823200B612EC /* WBImageStore.m in Sources */ = {isa = PBXBuildFile; fileRef = 0935505A179B823200B612EC /* WBImageStore.m */; };
		09355064179DECC500B612EC /* WBAnswerButton.m in Sources */ = {isa = PBXBuildFile; fileRef = 09355063179DECC500B612EC /* WBAnswerButton.m */; };
		09A6CED21867EF1E00B26ACC /* Apple Juice.jpg in Resources */ = {isa = PBXBuildFile; fileRef = 09A6CE981867EF1E00B26ACC /* Apple Juice.jpg */; };
		09A6CED31867EF1E00B26ACC /* Apples.jpg in Resources */ = {isa = PBXBuildFile; fileRef = 09A6CE991867EF1E00B26ACC /* Apples.jpg */; };
		09A6CED41867EF1E00B26ACC /* Avocados.jpg in Resources */ = {isa = PBXBuildFile; fileRef = 09A6CE9A1867EF1E00B26ACC /* Avocados.jpg */; };
		09A6CED51867EF1E00B26ACC /* Bananas.jpg in Resources */ = {isa = PBXBuildFile; fileRef = 09A6CE9B1867EF1E00B26ACC /* Bananas.jpg */; };
		09A6CED61867EF1E00B26ACC /* Batteries.jpg in Resources */ = {isa = PBXBuildFile; fileRef = 09A6CE9C1867EF1E00B26ACC /* Batteries.jpg */; };
		09A6CED71867EF1E00B26ACC /* Bell Peppers.jpg in Resources */ = {isa = PBXBuildFile; fileRef = 09A6CE9D1867EF1E00B26ACC /* Bell Peppers.jpg */; };
		09A6CED81867EF1E00B26ACC /* Bologna.jpg in Resources */ = {isa = PBXBuildFile; fileRef = 09A6CE9E1867EF1E00B26ACC /* Bologna.jpg */; };
		09A6CED91867EF1E00B26ACC /* Broccoli.jpg in Resources */ = {isa = PBXBuildFile; fileRef = 09A6CE9F1867EF1E00B26ACC /* Broccoli.jpg */; };
		09A6CEDA1867EF1E00B26ACC /* Chicken Noodle Soup.jpg in Resources */ = {isa = PBXBuildFile; fileRef = 09A6CEA01867EF1E00B26ACC /* Chicken Noodle Soup.jpg */; };
		09A6CEDB1867EF1E00B26ACC /* Chicken Wings.jpg in Resources */ = {isa = PBXBuildFile; fileRef = 09A6CEA11867EF1E00B26ACC /* Chicken Wings.jpg */; };
		09A6CEDC1867EF1E00B26ACC /* Coconuts.jpg in Resources */ = {isa = PBXBuildFile; fileRef = 09A6CEA21867EF1E00B26ACC /* Coconuts.jpg */; };
		09A6CEDD1867EF1E00B26ACC /* Cookies.jpg in Resources */ = {isa = PBXBuildFile; fileRef = 09A6CEA31867EF1E00B26ACC /* Cookies.jpg */; };
		09A6CEDE1867EF1E00B26ACC /* Corn Flakes.jpg in Resources */ = {isa = PBXBuildFile; fileRef = 09A6CEA41867EF1E00B26ACC /* Corn Flakes.jpg */; };
		09A6CEDF1867EF1E00B26ACC /* Crackers.jpg in Resources */ = {isa = PBXBuildFile; fileRef = 09A6CEA51867EF1E00B26ACC /* Crackers.jpg */; };
		09A6CEE01867EF1E00B26ACC /* Cream Cheese.jpg in Resources */ = {isa = PBXBuildFile; fileRef = 09A6CEA61867EF1E00B26ACC /* Cream Cheese.jpg */; };
		09A6CEE11867EF1E00B26ACC /* Cucumbers.jpg in Resources */ = {isa = PBXBuildFile; fileRef = 09A6CEA71867EF1E00B26ACC /* Cucumbers.jpg */; };
		09A6CEE21867EF1E00B26ACC /* Dish Soap.jpg in Resources */ = {isa = PBXBuildFile; fileRef = 09A6CEA81867EF1E00B26ACC /* Dish Soap.jpg */; };
		09A6CEE31867EF1E00B26ACC /* Eggplant.jpg in Resources */ = {isa = PBXBuildFile; fileRef = 09A6CEA91867EF1E00B26ACC /* Eggplant.jpg */; };
		09A6CEE41867EF1E00B26ACC /* Frozen French Fries.jpg in Resources */ = {isa = PBXBuildFile; fileRef = 09A6CEAA1867EF1E00B26ACC /* Frozen French Fries.jpg */; };
		09A6CEE51867EF1E00B26ACC /* Frozen Vegetables.jpg in Resources */ = {isa = PBXBuildFile; fileRef = 09A6CEAB1867EF1E00B26ACC /* Frozen Vegetables.jpg */; };
		09A6CEE61867EF1E00B26ACC /* Ginger.jpg in Resources */ = {isa = PBXBuildFile; fileRef = 09A6CEAC1867EF1E00B26ACC /* Ginger.jpg */; };
		09A6CEE71867EF1E00B26ACC /* Graham Crackers.jpg in Resources */ = {isa = PBXBuildFile; fileRef = 09A6CEAD1867EF1E00B26ACC /* Graham Crackers.jpg */; };
		09A6CEE81867EF1E00B26ACC /* Grapefruit.jpg in Resources */ = {isa = PBXBuildFile; fileRef = 09A6CEAE1867EF1E00B26ACC /* Grapefruit.jpg */; };
		09A6CEE91867EF1E00B26ACC /* Grapes.jpg in Resources */ = {isa = PBXBuildFile; fileRef = 09A6CEAF1867EF1E00B26ACC /* Grapes.jpg */; };
		09A6CEEA1867EF1E00B26ACC /* Ground Pork.jpg in Resources */ = {isa = PBXBuildFile; fileRef = 09A6CEB01867EF1E00B26ACC /* Ground Pork.jpg */; };
		09A6CEEB1867EF1E00B26ACC /* Hamburger Patties.jpg in Resources */ = {isa = PBXBuildFile; fileRef = 09A6CEB11867EF1E00B26ACC /* Hamburger Patties.jpg */; };
		09A6CEEC1867EF1E00B26ACC /* Honey.jpg in Resources */ = {isa = PBXBuildFile; fileRef = 09A6CEB21867EF1E00B26ACC /* Honey.jpg */; };
		09A6CEED1867EF1E00B26ACC /* Hot Dog Buns.jpg in Resources */ = {isa = PBXBuildFile; fileRef = 09A6CEB31867EF1E00B26ACC /* Hot Dog Buns.jpg */; };
		09A6CEEE1867EF1E00B26ACC /* Hot Dogs.jpg in Resources */ = {isa = PBXBuildFile; fileRef = 09A6CEB41867EF1E00B26ACC /* Hot Dogs.jpg */; };
		09A6CEEF1867EF1E00B26ACC /* Ice Cream.jpg in Resources */ = {isa = PBXBuildFile; fileRef = 09A6CEB51867EF1E00B26ACC /* Ice Cream.jpg */; };
		09A6CEF11867EF1E00B26ACC /* Lasagna.jpg in Resources */ = {isa = PBXBuildFile; fileRef = 09A6CEB71867EF1E00B26ACC /* Lasagna.jpg */; };
		09A6CEF21867EF1E00B26ACC /* Laundry Detergent.jpg in Resources */ = {isa = PBXBuildFile; fileRef = 09A6CEB81867EF1E00B26ACC /* Laundry Detergent.jpg */; };
		09A6CEF31867EF1E00B26ACC /* Lemons.jpg in Resources */ = {isa = PBXBuildFile; fileRef = 09A6CEB91867EF1E00B26ACC /* Lemons.jpg */; };
		09A6CEF41867EF1E00B26ACC /* Limes.jpg in Resources */ = {isa = PBXBuildFile; fileRef = 09A6CEBA1867EF1E00B26ACC /* Limes.jpg */; };
		09A6CEF51867EF1E00B26ACC /* Mayonnaise.jpg in Resources */ = {isa = PBXBuildFile; fileRef = 09A6CEBB1867EF1E00B26ACC /* Mayonnaise.jpg */; };
		09A6CEF61867EF1E00B26ACC /* Oatmeal.jpg in Resources */ = {isa = PBXBuildFile; fileRef = 09A6CEBC1867EF1E00B26ACC /* Oatmeal.jpg */; };
		09A6CEF71867EF1E00B26ACC /* Onion.jpg in Resources */ = {isa = PBXBuildFile; fileRef = 09A6CEBD1867EF1E00B26ACC /* Onion.jpg */; };
		09A6CEF81867EF1E00B26ACC /* Pancake Mix.jpg in Resources */ = {isa = PBXBuildFile; fileRef = 09A6CEBE1867EF1E00B26ACC /* Pancake Mix.jpg */; };
		09A6CEF91867EF1E00B26ACC /* Peanut Butter.jpg in Resources */ = {isa = PBXBuildFile; fileRef = 09A6CEBF1867EF1E00B26ACC /* Peanut Butter.jpg */; };
		09A6CEFA1867EF1E00B26ACC /* Pears.jpg in Resources */ = {isa = PBXBuildFile; fileRef = 09A6CEC01867EF1E00B26ACC /* Pears.jpg */; };
		09A6CEFB1867EF1E00B26ACC /* Pineapple.jpg in Resources */ = {isa = PBXBuildFile; fileRef = 09A6CEC11867EF1E00B26ACC /* Pineapple.jpg */; };
		09A6CEFC1867EF1E00B26ACC /* Potato Chips.jpg in Resources */ = {isa = PBXBuildFile; fileRef = 09A6CEC21867EF1E00B26ACC /* Potato Chips.jpg */; };
		09A6CEFD1867EF1E00B26ACC /* Roach Poison.jpg in Resources */ = {isa = PBXBuildFile; fileRef = 09A6CEC31867EF1E00B26ACC /* Roach Poison.jpg */; };
		09A6CEFE1867EF1E00B26ACC /* Salad Dressing.jpg in Resources */ = {isa = PBXBuildFile; fileRef = 09A6CEC41867EF1E00B26ACC /* Salad Dressing.jpg */; };
		09A6CEFF1867EF1E00B26ACC /* Sausage Muffins.jpg in Resources */ = {isa = PBXBuildFile; fileRef = 09A6CEC51867EF1E00B26ACC /* Sausage Muffins.jpg */; };
		09A6CF001867EF1E00B26ACC /* Serrano Peppers.jpg in Resources */ = {isa = PBXBuildFile; fileRef = 09A6CEC61867EF1E00B26ACC /* Serrano Peppers.jpg */; };
		09A6CF011867EF1E00B26ACC /* Sliced Cheese.jpg in Resources */ = {isa = PBXBuildFile; fileRef = 09A6CEC71867EF1E00B26ACC /* Sliced Cheese.jpg */; };
		09A6CF021867EF1E00B26ACC /* Soda 2-Liter.jpg in Resources */ = {isa = PBXBuildFile; fileRef = 09A6CEC81867EF1E00B26ACC /* Soda 2-Liter.jpg */; };
		09A6CF031867EF1E00B26ACC /* Spaghetti Sauce.jpg in Resources */ = {isa = PBXBuildFile; fileRef = 09A6CEC91867EF1E00B26ACC /* Spaghetti Sauce.jpg */; };
		09A6CF041867EF1E00B26ACC /* Spaghetti.jpg in Resources */ = {isa = PBXBuildFile; fileRef = 09A6CECA1867EF1E00B26ACC /* Spaghetti.jpg */; };
		09A6CF051867EF1E00B26ACC /* Sponges.jpg in Resources */ = {isa = PBXBuildFile; fileRef = 09A6CECB1867EF1E00B26ACC /* Sponges.jpg */; };
		09A6CF061867EF1E00B26ACC /* Steaks.jpg in Resources */ = {isa = PBXBuildFile; fileRef = 09A6CECC1867EF1E00B26ACC /* Steaks.jpg */; };
		09A6CF071867EF1E00B26ACC /* Strawberries.jpg in Resources */ = {isa = PBXBuildFile; fileRef = 09A6CECD1867EF1E00B26ACC /* Strawberries.jpg */; };
		09A6CF081867EF1E00B26ACC /* Strawberry Jam.jpg in Resources */ = {isa = PBXBuildFile; fileRef = 09A6CECE1867EF1E00B26ACC /* Strawberry Jam.jpg */; };
		09A6CF091867EF1E00B26ACC /* String Cheese.jpg in Resources */ = {isa = PBXBuildFile; fileRef = 09A6CECF1867EF1E00B26ACC /* String Cheese.jpg */; };
		09A6CF0A1867EF1E00B26ACC /* Tortilla Chips.jpg in Resources */ = {isa = PBXBuildFile; fileRef = 09A6CED01867EF1E00B26ACC /* Tortilla Chips.jpg */; };
		09A6CF0B1867EF1E00B26ACC /* Wheat Bread.jpg in Resources */ = {isa = PBXBuildFile; fileRef = 09A6CED11867EF1E00B26ACC /* Wheat Bread.jpg */; };
		09A6CF0F186A95AC00B26ACC /* Ketchup.jpg in Resources */ = {isa = PBXBuildFile; fileRef = 09A6CF0E186A95AC00B26ACC /* Ketchup.jpg */; };
		09B31F3F1789CCAF0018AB6A /* UIKit.framework in Frameworks */ = {isa = PBXBuildFile; fileRef = 09B31F3E1789CCAF0018AB6A /* UIKit.framework */; };
		09B31F411789CCAF0018AB6A /* Foundation.framework in Frameworks */ = {isa = PBXBuildFile; fileRef = 09B31F401789CCAF0018AB6A /* Foundation.framework */; };
		09B31F431789CCAF0018AB6A /* CoreGraphics.framework in Frameworks */ = {isa = PBXBuildFile; fileRef = 09B31F421789CCAF0018AB6A /* CoreGraphics.framework */; };
		09B31F491789CCAF0018AB6A /* InfoPlist.strings in Resources */ = {isa = PBXBuildFile; fileRef = 09B31F471789CCAF0018AB6A /* InfoPlist.strings */; };
		09B31F4B1789CCAF0018AB6A /* main.m in Sources */ = {isa = PBXBuildFile; fileRef = 09B31F4A1789CCAF0018AB6A /* main.m */; };
		09B31F4F1789CCAF0018AB6A /* WhichBillAppDelegate.m in Sources */ = {isa = PBXBuildFile; fileRef = 09B31F4E1789CCAF0018AB6A /* WhichBillAppDelegate.m */; };
		09B31F511789CCAF0018AB6A /* Default.png in Resources */ = {isa = PBXBuildFile; fileRef = 09B31F501789CCAF0018AB6A /* Default.png */; };
		09B31F531789CCAF0018AB6A /* Default@2x.png in Resources */ = {isa = PBXBuildFile; fileRef = 09B31F521789CCAF0018AB6A /* Default@2x.png */; };
		09B31F581789CCAF0018AB6A /* WhichBillViewController.m in Sources */ = {isa = PBXBuildFile; fileRef = 09B31F571789CCAF0018AB6A /* WhichBillViewController.m */; };
		09B31F5B1789CCAF0018AB6A /* WhichBillViewController.xib in Resources */ = {isa = PBXBuildFile; fileRef = 09B31F591789CCAF0018AB6A /* WhichBillViewController.xib */; };
		09B31F631789CCAF0018AB6A /* SenTestingKit.framework in Frameworks */ = {isa = PBXBuildFile; fileRef = 09B31F621789CCAF0018AB6A /* SenTestingKit.framework */; };
		09B31F641789CCAF0018AB6A /* UIKit.framework in Frameworks */ = {isa = PBXBuildFile; fileRef = 09B31F3E1789CCAF0018AB6A /* UIKit.framework */; };
		09B31F651789CCAF0018AB6A /* Foundation.framework in Frameworks */ = {isa = PBXBuildFile; fileRef = 09B31F401789CCAF0018AB6A /* Foundation.framework */; };
		09B31F6D1789CCAF0018AB6A /* InfoPlist.strings in Resources */ = {isa = PBXBuildFile; fileRef = 09B31F6B1789CCAF0018AB6A /* InfoPlist.strings */; };
		09B31F701789CCAF0018AB6A /* WhichBillTests.m in Sources */ = {isa = PBXBuildFile; fileRef = 09B31F6F1789CCAF0018AB6A /* WhichBillTests.m */; };
		09DB42741889C6C0008EB283 /* refresh.png in Resources */ = {isa = PBXBuildFile; fileRef = 09DB42701889C6C0008EB283 /* refresh.png */; };
		09DB42751889C6C0008EB283 /* refresh@2x.png in Resources */ = {isa = PBXBuildFile; fileRef = 09DB42711889C6C0008EB283 /* refresh@2x.png */; };
		09DB42761889C6C0008EB283 /* speech_bubble_transparent.png in Resources */ = {isa = PBXBuildFile; fileRef = 09DB42721889C6C0008EB283 /* speech_bubble_transparent.png */; };
		09DB42771889C6C0008EB283 /* speech_bubble_transparent@2x.png in Resources */ = {isa = PBXBuildFile; fileRef = 09DB42731889C6C0008EB283 /* speech_bubble_transparent@2x.png */; };
		09E21E4218711AC900844F45 /* Icon-40.png in Resources */ = {isa = PBXBuildFile; fileRef = 09E21E3818711AC900844F45 /* Icon-40.png */; };
		09E21E4318711AC900844F45 /* Icon-40@2x.png in Resources */ = {isa = PBXBuildFile; fileRef = 09E21E3918711AC900844F45 /* Icon-40@2x.png */; };
		09E21E4418711AC900844F45 /* Icon-72.png in Resources */ = {isa = PBXBuildFile; fileRef = 09E21E3A18711AC900844F45 /* Icon-72.png */; };
		09E21E4518711AC900844F45 /* Icon-72@2x.png in Resources */ = {isa = PBXBuildFile; fileRef = 09E21E3B18711AC900844F45 /* Icon-72@2x.png */; };
		09E21E4618711AC900844F45 /* Icon-76.png in Resources */ = {isa = PBXBuildFile; fileRef = 09E21E3C18711AC900844F45 /* Icon-76.png */; };
		09E21E4718711AC900844F45 /* Icon-76@2x.png in Resources */ = {isa = PBXBuildFile; fileRef = 09E21E3D18711AC900844F45 /* Icon-76@2x.png */; };
		09E21E4818711AC900844F45 /* Icon-Small-50.png in Resources */ = {isa = PBXBuildFile; fileRef = 09E21E3E18711AC900844F45 /* Icon-Small-50.png */; };
		09E21E4918711AC900844F45 /* Icon-Small-50@2x.png in Resources */ = {isa = PBXBuildFile; fileRef = 09E21E3F18711AC900844F45 /* Icon-Small-50@2x.png */; };
		09E21E4A18711AC900844F45 /* Icon-Small.png in Resources */ = {isa = PBXBuildFile; fileRef = 09E21E4018711AC900844F45 /* Icon-Small.png */; };
		09E21E4B18711AC900844F45 /* Icon-Small@2x.png in Resources */ = {isa = PBXBuildFile; fileRef = 09E21E4118711AC900844F45 /* Icon-Small@2x.png */; };
		09E21E4F187120A900844F45 /* Default-Landscape@2x~ipad.png in Resources */ = {isa = PBXBuildFile; fileRef = 09E21E4E187120A900844F45 /* Default-Landscape@2x~ipad.png */; };
		09E21E511871228700844F45 /* Default-Landscape~ipad.png in Resources */ = {isa = PBXBuildFile; fileRef = 09E21E501871228700844F45 /* Default-Landscape~ipad.png */; };
		09E21E53187122F700844F45 /* Default~ipad.png in Resources */ = {isa = PBXBuildFile; fileRef = 09E21E52187122F700844F45 /* Default~ipad.png */; };
		09E21E55187123D500844F45 /* Default@2x~ipad.png in Resources */ = {isa = PBXBuildFile; fileRef = 09E21E54187123D500844F45 /* Default@2x~ipad.png */; };
/* End PBXBuildFile section */

/* Begin PBXContainerItemProxy section */
		09B31F661789CCAF0018AB6A /* PBXContainerItemProxy */ = {
			isa = PBXContainerItemProxy;
			containerPortal = 09B31F331789CCAF0018AB6A /* Project object */;
			proxyType = 1;
			remoteGlobalIDString = 09B31F3A1789CCAF0018AB6A;
			remoteInfo = WhichBill;
		};
/* End PBXContainerItemProxy section */

/* Begin PBXFileReference section */
		09354FD2179AEB4000B612EC /* WBItem.h */ = {isa = PBXFileReference; fileEncoding = 4; lastKnownFileType = sourcecode.c.h; path = WBItem.h; sourceTree = "<group>"; };
		09354FD3179AEB4000B612EC /* WBItem.m */ = {isa = PBXFileReference; fileEncoding = 4; lastKnownFileType = sourcecode.c.objc; path = WBItem.m; sourceTree = "<group>"; };
		09354FD5179AF15F00B612EC /* WBItemStore.h */ = {isa = PBXFileReference; fileEncoding = 4; lastKnownFileType = sourcecode.c.h; path = WBItemStore.h; sourceTree = "<group>"; };
		09354FD6179AF15F00B612EC /* WBItemStore.m */ = {isa = PBXFileReference; fileEncoding = 4; lastKnownFileType = sourcecode.c.objc; path = WBItemStore.m; sourceTree = "<group>"; };
		09355016179B5CD000B612EC /* Dollar01.jpg */ = {isa = PBXFileReference; lastKnownFileType = image.jpeg; path = Dollar01.jpg; sourceTree = "<group>"; };
		09355017179B5CD000B612EC /* Dollar05.jpg */ = {isa = PBXFileReference; lastKnownFileType = image.jpeg; path = Dollar05.jpg; sourceTree = "<group>"; };
		09355018179B5CD000B612EC /* Dollar10.jpg */ = {isa = PBXFileReference; lastKnownFileType = image.jpeg; path = Dollar10.jpg; sourceTree = "<group>"; };
		09355019179B5CD000B612EC /* Dollar20.jpg */ = {isa = PBXFileReference; lastKnownFileType = image.jpeg; path = Dollar20.jpg; sourceTree = "<group>"; };
		09355059179B823100B612EC /* WBImageStore.h */ = {isa = PBXFileReference; fileEncoding = 4; lastKnownFileType = sourcecode.c.h; path = WBImageStore.h; sourceTree = "<group>"; };
		0935505A179B823200B612EC /* WBImageStore.m */ = {isa = PBXFileReference; fileEncoding = 4; lastKnownFileType = sourcecode.c.objc; path = WBImageStore.m; sourceTree = "<group>"; };
		09355062179DECC500B612EC /* WBAnswerButton.h */ = {isa = PBXFileReference; fileEncoding = 4; lastKnownFileType = sourcecode.c.h; path = WBAnswerButton.h; sourceTree = "<group>"; };
		09355063179DECC500B612EC /* WBAnswerButton.m */ = {isa = PBXFileReference; fileEncoding = 4; lastKnownFileType = sourcecode.c.objc; path = WBAnswerButton.m; sourceTree = "<group>"; };
		09A6CE981867EF1E00B26ACC /* Apple Juice.jpg */ = {isa = PBXFileReference; lastKnownFileType = image.jpeg; path = "Apple Juice.jpg"; sourceTree = "<group>"; };
		09A6CE991867EF1E00B26ACC /* Apples.jpg */ = {isa = PBXFileReference; lastKnownFileType = image.jpeg; path = Apples.jpg; sourceTree = "<group>"; };
		09A6CE9A1867EF1E00B26ACC /* Avocados.jpg */ = {isa = PBXFileReference; lastKnownFileType = image.jpeg; path = Avocados.jpg; sourceTree = "<group>"; };
		09A6CE9B1867EF1E00B26ACC /* Bananas.jpg */ = {isa = PBXFileReference; lastKnownFileType = image.jpeg; path = Bananas.jpg; sourceTree = "<group>"; };
		09A6CE9C1867EF1E00B26ACC /* Batteries.jpg */ = {isa = PBXFileReference; lastKnownFileType = image.jpeg; path = Batteries.jpg; sourceTree = "<group>"; };
		09A6CE9D1867EF1E00B26ACC /* Bell Peppers.jpg */ = {isa = PBXFileReference; lastKnownFileType = image.jpeg; path = "Bell Peppers.jpg"; sourceTree = "<group>"; };
		09A6CE9E1867EF1E00B26ACC /* Bologna.jpg */ = {isa = PBXFileReference; lastKnownFileType = image.jpeg; path = Bologna.jpg; sourceTree = "<group>"; };
		09A6CE9F1867EF1E00B26ACC /* Broccoli.jpg */ = {isa = PBXFileReference; lastKnownFileType = image.jpeg; path = Broccoli.jpg; sourceTree = "<group>"; };
		09A6CEA01867EF1E00B26ACC /* Chicken Noodle Soup.jpg */ = {isa = PBXFileReference; lastKnownFileType = image.jpeg; path = "Chicken Noodle Soup.jpg"; sourceTree = "<group>"; };
		09A6CEA11867EF1E00B26ACC /* Chicken Wings.jpg */ = {isa = PBXFileReference; lastKnownFileType = image.jpeg; path = "Chicken Wings.jpg"; sourceTree = "<group>"; };
		09A6CEA21867EF1E00B26ACC /* Coconuts.jpg */ = {isa = PBXFileReference; lastKnownFileType = image.jpeg; path = Coconuts.jpg; sourceTree = "<group>"; };
		09A6CEA31867EF1E00B26ACC /* Cookies.jpg */ = {isa = PBXFileReference; lastKnownFileType = image.jpeg; path = Cookies.jpg; sourceTree = "<group>"; };
		09A6CEA41867EF1E00B26ACC /* Corn Flakes.jpg */ = {isa = PBXFileReference; lastKnownFileType = image.jpeg; path = "Corn Flakes.jpg"; sourceTree = "<group>"; };
		09A6CEA51867EF1E00B26ACC /* Crackers.jpg */ = {isa = PBXFileReference; lastKnownFileType = image.jpeg; path = Crackers.jpg; sourceTree = "<group>"; };
		09A6CEA61867EF1E00B26ACC /* Cream Cheese.jpg */ = {isa = PBXFileReference; lastKnownFileType = image.jpeg; path = "Cream Cheese.jpg"; sourceTree = "<group>"; };
		09A6CEA71867EF1E00B26ACC /* Cucumbers.jpg */ = {isa = PBXFileReference; lastKnownFileType = image.jpeg; path = Cucumbers.jpg; sourceTree = "<group>"; };
		09A6CEA81867EF1E00B26ACC /* Dish Soap.jpg */ = {isa = PBXFileReference; lastKnownFileType = image.jpeg; path = "Dish Soap.jpg"; sourceTree = "<group>"; };
		09A6CEA91867EF1E00B26ACC /* Eggplant.jpg */ = {isa = PBXFileReference; lastKnownFileType = image.jpeg; path = Eggplant.jpg; sourceTree = "<group>"; };
		09A6CEAA1867EF1E00B26ACC /* Frozen French Fries.jpg */ = {isa = PBXFileReference; lastKnownFileType = image.jpeg; path = "Frozen French Fries.jpg"; sourceTree = "<group>"; };
		09A6CEAB1867EF1E00B26ACC /* Frozen Vegetables.jpg */ = {isa = PBXFileReference; lastKnownFileType = image.jpeg; path = "Frozen Vegetables.jpg"; sourceTree = "<group>"; };
		09A6CEAC1867EF1E00B26ACC /* Ginger.jpg */ = {isa = PBXFileReference; lastKnownFileType = image.jpeg; path = Ginger.jpg; sourceTree = "<group>"; };
		09A6CEAD1867EF1E00B26ACC /* Graham Crackers.jpg */ = {isa = PBXFileReference; lastKnownFileType = image.jpeg; path = "Graham Crackers.jpg"; sourceTree = "<group>"; };
		09A6CEAE1867EF1E00B26ACC /* Grapefruit.jpg */ = {isa = PBXFileReference; lastKnownFileType = image.jpeg; path = Grapefruit.jpg; sourceTree = "<group>"; };
		09A6CEAF1867EF1E00B26ACC /* Grapes.jpg */ = {isa = PBXFileReference; lastKnownFileType = image.jpeg; path = Grapes.jpg; sourceTree = "<group>"; };
		09A6CEB01867EF1E00B26ACC /* Ground Pork.jpg */ = {isa = PBXFileReference; lastKnownFileType = image.jpeg; path = "Ground Pork.jpg"; sourceTree = "<group>"; };
		09A6CEB11867EF1E00B26ACC /* Hamburger Patties.jpg */ = {isa = PBXFileReference; lastKnownFileType = image.jpeg; path = "Hamburger Patties.jpg"; sourceTree = "<group>"; };
		09A6CEB21867EF1E00B26ACC /* Honey.jpg */ = {isa = PBXFileReference; lastKnownFileType = image.jpeg; path = Honey.jpg; sourceTree = "<group>"; };
		09A6CEB31867EF1E00B26ACC /* Hot Dog Buns.jpg */ = {isa = PBXFileReference; lastKnownFileType = image.jpeg; path = "Hot Dog Buns.jpg"; sourceTree = "<group>"; };
		09A6CEB41867EF1E00B26ACC /* Hot Dogs.jpg */ = {isa = PBXFileReference; lastKnownFileType = image.jpeg; path = "Hot Dogs.jpg"; sourceTree = "<group>"; };
		09A6CEB51867EF1E00B26ACC /* Ice Cream.jpg */ = {isa = PBXFileReference; lastKnownFileType = image.jpeg; path = "Ice Cream.jpg"; sourceTree = "<group>"; };
		09A6CEB71867EF1E00B26ACC /* Lasagna.jpg */ = {isa = PBXFileReference; lastKnownFileType = image.jpeg; path = Lasagna.jpg; sourceTree = "<group>"; };
		09A6CEB81867EF1E00B26ACC /* Laundry Detergent.jpg */ = {isa = PBXFileReference; lastKnownFileType = image.jpeg; path = "Laundry Detergent.jpg"; sourceTree = "<group>"; };
		09A6CEB91867EF1E00B26ACC /* Lemons.jpg */ = {isa = PBXFileReference; lastKnownFileType = image.jpeg; path = Lemons.jpg; sourceTree = "<group>"; };
		09A6CEBA1867EF1E00B26ACC /* Limes.jpg */ = {isa = PBXFileReference; lastKnownFileType = image.jpeg; path = Limes.jpg; sourceTree = "<group>"; };
		09A6CEBB1867EF1E00B26ACC /* Mayonnaise.jpg */ = {isa = PBXFileReference; lastKnownFileType = image.jpeg; path = Mayonnaise.jpg; sourceTree = "<group>"; };
		09A6CEBC1867EF1E00B26ACC /* Oatmeal.jpg */ = {isa = PBXFileReference; lastKnownFileType = image.jpeg; path = Oatmeal.jpg; sourceTree = "<group>"; };
		09A6CEBD1867EF1E00B26ACC /* Onion.jpg */ = {isa = PBXFileReference; lastKnownFileType = image.jpeg; path = Onion.jpg; sourceTree = "<group>"; };
		09A6CEBE1867EF1E00B26ACC /* Pancake Mix.jpg */ = {isa = PBXFileReference; lastKnownFileType = image.jpeg; path = "Pancake Mix.jpg"; sourceTree = "<group>"; };
		09A6CEBF1867EF1E00B26ACC /* Peanut Butter.jpg */ = {isa = PBXFileReference; lastKnownFileType = image.jpeg; path = "Peanut Butter.jpg"; sourceTree = "<group>"; };
		09A6CEC01867EF1E00B26ACC /* Pears.jpg */ = {isa = PBXFileReference; lastKnownFileType = image.jpeg; path = Pears.jpg; sourceTree = "<group>"; };
		09A6CEC11867EF1E00B26ACC /* Pineapple.jpg */ = {isa = PBXFileReference; lastKnownFileType = image.jpeg; path = Pineapple.jpg; sourceTree = "<group>"; };
		09A6CEC21867EF1E00B26ACC /* Potato Chips.jpg */ = {isa = PBXFileReference; lastKnownFileType = image.jpeg; path = "Potato Chips.jpg"; sourceTree = "<group>"; };
		09A6CEC31867EF1E00B26ACC /* Roach Poison.jpg */ = {isa = PBXFileReference; lastKnownFileType = image.jpeg; path = "Roach Poison.jpg"; sourceTree = "<group>"; };
		09A6CEC41867EF1E00B26ACC /* Salad Dressing.jpg */ = {isa = PBXFileReference; lastKnownFileType = image.jpeg; path = "Salad Dressing.jpg"; sourceTree = "<group>"; };
		09A6CEC51867EF1E00B26ACC /* Sausage Muffins.jpg */ = {isa = PBXFileReference; lastKnownFileType = image.jpeg; path = "Sausage Muffins.jpg"; sourceTree = "<group>"; };
		09A6CEC61867EF1E00B26ACC /* Serrano Peppers.jpg */ = {isa = PBXFileReference; lastKnownFileType = image.jpeg; path = "Serrano Peppers.jpg"; sourceTree = "<group>"; };
		09A6CEC71867EF1E00B26ACC /* Sliced Cheese.jpg */ = {isa = PBXFileReference; lastKnownFileType = image.jpeg; path = "Sliced Cheese.jpg"; sourceTree = "<group>"; };
		09A6CEC81867EF1E00B26ACC /* Soda 2-Liter.jpg */ = {isa = PBXFileReference; lastKnownFileType = image.jpeg; path = "Soda 2-Liter.jpg"; sourceTree = "<group>"; };
		09A6CEC91867EF1E00B26ACC /* Spaghetti Sauce.jpg */ = {isa = PBXFileReference; lastKnownFileType = image.jpeg; path = "Spaghetti Sauce.jpg"; sourceTree = "<group>"; };
		09A6CECA1867EF1E00B26ACC /* Spaghetti.jpg */ = {isa = PBXFileReference; lastKnownFileType = image.jpeg; path = Spaghetti.jpg; sourceTree = "<group>"; };
		09A6CECB1867EF1E00B26ACC /* Sponges.jpg */ = {isa = PBXFileReference; lastKnownFileType = image.jpeg; path = Sponges.jpg; sourceTree = "<group>"; };
		09A6CECC1867EF1E00B26ACC /* Steaks.jpg */ = {isa = PBXFileReference; lastKnownFileType = image.jpeg; path = Steaks.jpg; sourceTree = "<group>"; };
		09A6CECD1867EF1E00B26ACC /* Strawberries.jpg */ = {isa = PBXFileReference; lastKnownFileType = image.jpeg; path = Strawberries.jpg; sourceTree = "<group>"; };
		09A6CECE1867EF1E00B26ACC /* Strawberry Jam.jpg */ = {isa = PBXFileReference; lastKnownFileType = image.jpeg; path = "Strawberry Jam.jpg"; sourceTree = "<group>"; };
		09A6CECF1867EF1E00B26ACC /* String Cheese.jpg */ = {isa = PBXFileReference; lastKnownFileType = image.jpeg; path = "String Cheese.jpg"; sourceTree = "<group>"; };
		09A6CED01867EF1E00B26ACC /* Tortilla Chips.jpg */ = {isa = PBXFileReference; lastKnownFileType = image.jpeg; path = "Tortilla Chips.jpg"; sourceTree = "<group>"; };
		09A6CED11867EF1E00B26ACC /* Wheat Bread.jpg */ = {isa = PBXFileReference; lastKnownFileType = image.jpeg; path = "Wheat Bread.jpg"; sourceTree = "<group>"; };
		09A6CF0E186A95AC00B26ACC /* Ketchup.jpg */ = {isa = PBXFileReference; lastKnownFileType = image.jpeg; path = Ketchup.jpg; sourceTree = "<group>"; };
		09B31F3B1789CCAF0018AB6A /* WhichBill.app */ = {isa = PBXFileReference; explicitFileType = wrapper.application; includeInIndex = 0; path = WhichBill.app; sourceTree = BUILT_PRODUCTS_DIR; };
		09B31F3E1789CCAF0018AB6A /* UIKit.framework */ = {isa = PBXFileReference; lastKnownFileType = wrapper.framework; name = UIKit.framework; path = System/Library/Frameworks/UIKit.framework; sourceTree = SDKROOT; };
		09B31F401789CCAF0018AB6A /* Foundation.framework */ = {isa = PBXFileReference; lastKnownFileType = wrapper.framework; name = Foundation.framework; path = System/Library/Frameworks/Foundation.framework; sourceTree = SDKROOT; };
		09B31F421789CCAF0018AB6A /* CoreGraphics.framework */ = {isa = PBXFileReference; lastKnownFileType = wrapper.framework; name = CoreGraphics.framework; path = System/Library/Frameworks/CoreGraphics.framework; sourceTree = SDKROOT; };
		09B31F461789CCAF0018AB6A /* WhichBill-Info.plist */ = {isa = PBXFileReference; lastKnownFileType = text.plist.xml; path = "WhichBill-Info.plist"; sourceTree = "<group>"; };
		09B31F481789CCAF0018AB6A /* en */ = {isa = PBXFileReference; lastKnownFileType = text.plist.strings; name = en; path = en.lproj/InfoPlist.strings; sourceTree = "<group>"; };
		09B31F4A1789CCAF0018AB6A /* main.m */ = {isa = PBXFileReference; lastKnownFileType = sourcecode.c.objc; path = main.m; sourceTree = "<group>"; };
		09B31F4C1789CCAF0018AB6A /* WhichBill-Prefix.pch */ = {isa = PBXFileReference; lastKnownFileType = sourcecode.c.h; path = "WhichBill-Prefix.pch"; sourceTree = "<group>"; };
		09B31F4D1789CCAF0018AB6A /* WhichBillAppDelegate.h */ = {isa = PBXFileReference; lastKnownFileType = sourcecode.c.h; path = WhichBillAppDelegate.h; sourceTree = "<group>"; };
		09B31F4E1789CCAF0018AB6A /* WhichBillAppDelegate.m */ = {isa = PBXFileReference; lastKnownFileType = sourcecode.c.objc; path = WhichBillAppDelegate.m; sourceTree = "<group>"; };
		09B31F501789CCAF0018AB6A /* Default.png */ = {isa = PBXFileReference; lastKnownFileType = image.png; path = Default.png; sourceTree = "<group>"; };
		09B31F521789CCAF0018AB6A /* Default@2x.png */ = {isa = PBXFileReference; lastKnownFileType = image.png; path = "Default@2x.png"; sourceTree = "<group>"; };
		09B31F561789CCAF0018AB6A /* WhichBillViewController.h */ = {isa = PBXFileReference; lastKnownFileType = sourcecode.c.h; path = WhichBillViewController.h; sourceTree = "<group>"; };
		09B31F571789CCAF0018AB6A /* WhichBillViewController.m */ = {isa = PBXFileReference; lastKnownFileType = sourcecode.c.objc; path = WhichBillViewController.m; sourceTree = "<group>"; };
		09B31F5A1789CCAF0018AB6A /* en */ = {isa = PBXFileReference; lastKnownFileType = file.xib; name = en; path = en.lproj/WhichBillViewController.xib; sourceTree = "<group>"; };
		09B31F611789CCAF0018AB6A /* WhichBillTests.octest */ = {isa = PBXFileReference; explicitFileType = wrapper.cfbundle; includeInIndex = 0; path = WhichBillTests.octest; sourceTree = BUILT_PRODUCTS_DIR; };
		09B31F621789CCAF0018AB6A /* SenTestingKit.framework */ = {isa = PBXFileReference; lastKnownFileType = wrapper.framework; name = SenTestingKit.framework; path = Library/Frameworks/SenTestingKit.framework; sourceTree = DEVELOPER_DIR; };
		09B31F6A1789CCAF0018AB6A /* WhichBillTests-Info.plist */ = {isa = PBXFileReference; lastKnownFileType = text.plist.xml; path = "WhichBillTests-Info.plist"; sourceTree = "<group>"; };
		09B31F6C1789CCAF0018AB6A /* en */ = {isa = PBXFileReference; lastKnownFileType = text.plist.strings; name = en; path = en.lproj/InfoPlist.strings; sourceTree = "<group>"; };
		09B31F6E1789CCAF0018AB6A /* WhichBillTests.h */ = {isa = PBXFileReference; lastKnownFileType = sourcecode.c.h; path = WhichBillTests.h; sourceTree = "<group>"; };
		09B31F6F1789CCAF0018AB6A /* WhichBillTests.m */ = {isa = PBXFileReference; lastKnownFileType = sourcecode.c.objc; path = WhichBillTests.m; sourceTree = "<group>"; };
		09DB42701889C6C0008EB283 /* refresh.png */ = {isa = PBXFileReference; lastKnownFileType = image.png; name = refresh.png; path = Icons/refresh.png; sourceTree = "<group>"; };
		09DB42711889C6C0008EB283 /* refresh@2x.png */ = {isa = PBXFileReference; lastKnownFileType = image.png; name = "refresh@2x.png"; path = "Icons/refresh@2x.png"; sourceTree = "<group>"; };
		09DB42721889C6C0008EB283 /* speech_bubble_transparent.png */ = {isa = PBXFileReference; lastKnownFileType = image.png; name = speech_bubble_transparent.png; path = Icons/speech_bubble_transparent.png; sourceTree = "<group>"; };
		09DB42731889C6C0008EB283 /* speech_bubble_transparent@2x.png */ = {isa = PBXFileReference; lastKnownFileType = image.png; name = "speech_bubble_transparent@2x.png"; path = "Icons/speech_bubble_transparent@2x.png"; sourceTree = "<group>"; };
		09E21E3818711AC900844F45 /* Icon-40.png */ = {isa = PBXFileReference; lastKnownFileType = image.png; name = "Icon-40.png"; path = "Imgs/Icons/Icon-40.png"; sourceTree = "<group>"; };
		09E21E3918711AC900844F45 /* Icon-40@2x.png */ = {isa = PBXFileReference; lastKnownFileType = image.png; name = "Icon-40@2x.png"; path = "Imgs/Icons/Icon-40@2x.png"; sourceTree = "<group>"; };
		09E21E3A18711AC900844F45 /* Icon-72.png */ = {isa = PBXFileReference; lastKnownFileType = image.png; name = "Icon-72.png"; path = "Imgs/Icons/Icon-72.png"; sourceTree = "<group>"; };
		09E21E3B18711AC900844F45 /* Icon-72@2x.png */ = {isa = PBXFileReference; lastKnownFileType = image.png; name = "Icon-72@2x.png"; path = "Imgs/Icons/Icon-72@2x.png"; sourceTree = "<group>"; };
		09E21E3C18711AC900844F45 /* Icon-76.png */ = {isa = PBXFileReference; lastKnownFileType = image.png; name = "Icon-76.png"; path = "Imgs/Icons/Icon-76.png"; sourceTree = "<group>"; };
		09E21E3D18711AC900844F45 /* Icon-76@2x.png */ = {isa = PBXFileReference; lastKnownFileType = image.png; name = "Icon-76@2x.png"; path = "Imgs/Icons/Icon-76@2x.png"; sourceTree = "<group>"; };
		09E21E3E18711AC900844F45 /* Icon-Small-50.png */ = {isa = PBXFileReference; lastKnownFileType = image.png; name = "Icon-Small-50.png"; path = "Imgs/Icons/Icon-Small-50.png"; sourceTree = "<group>"; };
		09E21E3F18711AC900844F45 /* Icon-Small-50@2x.png */ = {isa = PBXFileReference; lastKnownFileType = image.png; name = "Icon-Small-50@2x.png"; path = "Imgs/Icons/Icon-Small-50@2x.png"; sourceTree = "<group>"; };
		09E21E4018711AC900844F45 /* Icon-Small.png */ = {isa = PBXFileReference; lastKnownFileType = image.png; name = "Icon-Small.png"; path = "Imgs/Icons/Icon-Small.png"; sourceTree = "<group>"; };
		09E21E4118711AC900844F45 /* Icon-Small@2x.png */ = {isa = PBXFileReference; lastKnownFileType = image.png; name = "Icon-Small@2x.png"; path = "Imgs/Icons/Icon-Small@2x.png"; sourceTree = "<group>"; };
		09E21E4E187120A900844F45 /* Default-Landscape@2x~ipad.png */ = {isa = PBXFileReference; lastKnownFileType = image.png; path = "Default-Landscape@2x~ipad.png"; sourceTree = "<group>"; };
		09E21E501871228700844F45 /* Default-Landscape~ipad.png */ = {isa = PBXFileReference; lastKnownFileType = image.png; path = "Default-Landscape~ipad.png"; sourceTree = "<group>"; };
		09E21E52187122F700844F45 /* Default~ipad.png */ = {isa = PBXFileReference; lastKnownFileType = image.png; path = "Default~ipad.png"; sourceTree = "<group>"; };
		09E21E54187123D500844F45 /* Default@2x~ipad.png */ = {isa = PBXFileReference; lastKnownFileType = image.png; path = "Default@2x~ipad.png"; sourceTree = "<group>"; };
/* End PBXFileReference section */

/* Begin PBXFrameworksBuildPhase section */
		09B31F381789CCAF0018AB6A /* Frameworks */ = {
			isa = PBXFrameworksBuildPhase;
			buildActionMask = 2147483647;
			files = (
				09B31F3F1789CCAF0018AB6A /* UIKit.framework in Frameworks */,
				09B31F411789CCAF0018AB6A /* Foundation.framework in Frameworks */,
				09B31F431789CCAF0018AB6A /* CoreGraphics.framework in Frameworks */,
			);
			runOnlyForDeploymentPostprocessing = 0;
		};
		09B31F5D1789CCAF0018AB6A /* Frameworks */ = {
			isa = PBXFrameworksBuildPhase;
			buildActionMask = 2147483647;
			files = (
				09B31F631789CCAF0018AB6A /* SenTestingKit.framework in Frameworks */,
				09B31F641789CCAF0018AB6A /* UIKit.framework in Frameworks */,
				09B31F651789CCAF0018AB6A /* Foundation.framework in Frameworks */,
			);
			runOnlyForDeploymentPostprocessing = 0;
		};
/* End PBXFrameworksBuildPhase section */

/* Begin PBXGroup section */
		09354FD8179B5CD000B612EC /* Imgs */ = {
			isa = PBXGroup;
			children = (
				09DB426F1889C6A8008EB283 /* Icons */,
				09354FD9179B5CD000B612EC /* Items */,
				09355015179B5CD000B612EC /* Money */,
			);
			path = Imgs;
			sourceTree = "<group>";
		};
		09354FD9179B5CD000B612EC /* Items */ = {
			isa = PBXGroup;
			children = (
				09A6CE981867EF1E00B26ACC /* Apple Juice.jpg */,
				09A6CE991867EF1E00B26ACC /* Apples.jpg */,
				09A6CE9A1867EF1E00B26ACC /* Avocados.jpg */,
				09A6CE9B1867EF1E00B26ACC /* Bananas.jpg */,
				09A6CE9C1867EF1E00B26ACC /* Batteries.jpg */,
				09A6CE9D1867EF1E00B26ACC /* Bell Peppers.jpg */,
				09A6CE9E1867EF1E00B26ACC /* Bologna.jpg */,
				09A6CE9F1867EF1E00B26ACC /* Broccoli.jpg */,
				09A6CEA01867EF1E00B26ACC /* Chicken Noodle Soup.jpg */,
				09A6CEA11867EF1E00B26ACC /* Chicken Wings.jpg */,
				09A6CEA21867EF1E00B26ACC /* Coconuts.jpg */,
				09A6CEA31867EF1E00B26ACC /* Cookies.jpg */,
				09A6CEA41867EF1E00B26ACC /* Corn Flakes.jpg */,
				09A6CEA51867EF1E00B26ACC /* Crackers.jpg */,
				09A6CEA61867EF1E00B26ACC /* Cream Cheese.jpg */,
				09A6CEA71867EF1E00B26ACC /* Cucumbers.jpg */,
				09A6CEA81867EF1E00B26ACC /* Dish Soap.jpg */,
				09A6CEA91867EF1E00B26ACC /* Eggplant.jpg */,
				09A6CEAA1867EF1E00B26ACC /* Frozen French Fries.jpg */,
				09A6CEAB1867EF1E00B26ACC /* Frozen Vegetables.jpg */,
				09A6CEAC1867EF1E00B26ACC /* Ginger.jpg */,
				09A6CEAD1867EF1E00B26ACC /* Graham Crackers.jpg */,
				09A6CEAE1867EF1E00B26ACC /* Grapefruit.jpg */,
				09A6CEAF1867EF1E00B26ACC /* Grapes.jpg */,
				09A6CEB01867EF1E00B26ACC /* Ground Pork.jpg */,
				09A6CEB11867EF1E00B26ACC /* Hamburger Patties.jpg */,
				09A6CEB21867EF1E00B26ACC /* Honey.jpg */,
				09A6CEB31867EF1E00B26ACC /* Hot Dog Buns.jpg */,
				09A6CEB41867EF1E00B26ACC /* Hot Dogs.jpg */,
				09A6CEB51867EF1E00B26ACC /* Ice Cream.jpg */,
				09A6CF0E186A95AC00B26ACC /* Ketchup.jpg */,
				09A6CEB71867EF1E00B26ACC /* Lasagna.jpg */,
				09A6CEB81867EF1E00B26ACC /* Laundry Detergent.jpg */,
				09A6CEB91867EF1E00B26ACC /* Lemons.jpg */,
				09A6CEBA1867EF1E00B26ACC /* Limes.jpg */,
				09A6CEBB1867EF1E00B26ACC /* Mayonnaise.jpg */,
				09A6CEBC1867EF1E00B26ACC /* Oatmeal.jpg */,
				09A6CEBD1867EF1E00B26ACC /* Onion.jpg */,
				09A6CEBE1867EF1E00B26ACC /* Pancake Mix.jpg */,
				09A6CEBF1867EF1E00B26ACC /* Peanut Butter.jpg */,
				09A6CEC01867EF1E00B26ACC /* Pears.jpg */,
				09A6CEC11867EF1E00B26ACC /* Pineapple.jpg */,
				09A6CEC21867EF1E00B26ACC /* Potato Chips.jpg */,
				09A6CEC31867EF1E00B26ACC /* Roach Poison.jpg */,
				09A6CEC41867EF1E00B26ACC /* Salad Dressing.jpg */,
				09A6CEC51867EF1E00B26ACC /* Sausage Muffins.jpg */,
				09A6CEC61867EF1E00B26ACC /* Serrano Peppers.jpg */,
				09A6CEC71867EF1E00B26ACC /* Sliced Cheese.jpg */,
				09A6CEC81867EF1E00B26ACC /* Soda 2-Liter.jpg */,
				09A6CEC91867EF1E00B26ACC /* Spaghetti Sauce.jpg */,
				09A6CECA1867EF1E00B26ACC /* Spaghetti.jpg */,
				09A6CECB1867EF1E00B26ACC /* Sponges.jpg */,
				09A6CECC1867EF1E00B26ACC /* Steaks.jpg */,
				09A6CECD1867EF1E00B26ACC /* Strawberries.jpg */,
				09A6CECE1867EF1E00B26ACC /* Strawberry Jam.jpg */,
				09A6CECF1867EF1E00B26ACC /* String Cheese.jpg */,
				09A6CED01867EF1E00B26ACC /* Tortilla Chips.jpg */,
				09A6CED11867EF1E00B26ACC /* Wheat Bread.jpg */,
			);
			path = Items;
			sourceTree = "<group>";
		};
		09355015179B5CD000B612EC /* Money */ = {
			isa = PBXGroup;
			children = (
				09355016179B5CD000B612EC /* Dollar01.jpg */,
				09355017179B5CD000B612EC /* Dollar05.jpg */,
				09355018179B5CD000B612EC /* Dollar10.jpg */,
				09355019179B5CD000B612EC /* Dollar20.jpg */,
			);
			path = Money;
			sourceTree = "<group>";
		};
		09B31F321789CCAF0018AB6A = {
			isa = PBXGroup;
			children = (
				09B31F441789CCAF0018AB6A /* WhichBill */,
				09B31F681789CCAF0018AB6A /* WhichBillTests */,
				09B31F3D1789CCAF0018AB6A /* Frameworks */,
				09B31F3C1789CCAF0018AB6A /* Products */,
			);
			sourceTree = "<group>";
		};
		09B31F3C1789CCAF0018AB6A /* Products */ = {
			isa = PBXGroup;
			children = (
				09B31F3B1789CCAF0018AB6A /* WhichBill.app */,
				09B31F611789CCAF0018AB6A /* WhichBillTests.octest */,
			);
			name = Products;
			sourceTree = "<group>";
		};
		09B31F3D1789CCAF0018AB6A /* Frameworks */ = {
			isa = PBXGroup;
			children = (
				09B31F3E1789CCAF0018AB6A /* UIKit.framework */,
				09B31F401789CCAF0018AB6A /* Foundation.framework */,
				09B31F421789CCAF0018AB6A /* CoreGraphics.framework */,
				09B31F621789CCAF0018AB6A /* SenTestingKit.framework */,
			);
			name = Frameworks;
			sourceTree = "<group>";
		};
		09B31F441789CCAF0018AB6A /* WhichBill */ = {
			isa = PBXGroup;
			children = (
				09354FD2179AEB4000B612EC /* WBItem.h */,
				09354FD5179AF15F00B612EC /* WBItemStore.h */,
				09355059179B823100B612EC /* WBImageStore.h */,
				09355062179DECC500B612EC /* WBAnswerButton.h */,
				09B31F561789CCAF0018AB6A /* WhichBillViewController.h */,
				09B31F4D1789CCAF0018AB6A /* WhichBillAppDelegate.h */,
				09354FD3179AEB4000B612EC /* WBItem.m */,
				09354FD6179AF15F00B612EC /* WBItemStore.m */,
				0935505A179B823200B612EC /* WBImageStore.m */,
				09355063179DECC500B612EC /* WBAnswerButton.m */,
				09B31F571789CCAF0018AB6A /* WhichBillViewController.m */,
				09B31F4E1789CCAF0018AB6A /* WhichBillAppDelegate.m */,
				09B31F591789CCAF0018AB6A /* WhichBillViewController.xib */,
				09B31F451789CCAF0018AB6A /* Supporting Files */,
				09354FD8179B5CD000B612EC /* Imgs */,
			);
			path = WhichBill;
			sourceTree = "<group>";
		};
		09B31F451789CCAF0018AB6A /* Supporting Files */ = {
			isa = PBXGroup;
			children = (
				09E21E54187123D500844F45 /* Default@2x~ipad.png */,
				09E21E501871228700844F45 /* Default-Landscape~ipad.png */,
				09E21E52187122F700844F45 /* Default~ipad.png */,
				09E21E4E187120A900844F45 /* Default-Landscape@2x~ipad.png */,
				09E21E3818711AC900844F45 /* Icon-40.png */,
				09E21E3918711AC900844F45 /* Icon-40@2x.png */,
				09E21E3A18711AC900844F45 /* Icon-72.png */,
				09E21E3B18711AC900844F45 /* Icon-72@2x.png */,
				09E21E3C18711AC900844F45 /* Icon-76.png */,
				09E21E3D18711AC900844F45 /* Icon-76@2x.png */,
				09E21E3E18711AC900844F45 /* Icon-Small-50.png */,
				09E21E3F18711AC900844F45 /* Icon-Small-50@2x.png */,
				09E21E4018711AC900844F45 /* Icon-Small.png */,
				09E21E4118711AC900844F45 /* Icon-Small@2x.png */,
				09B31F461789CCAF0018AB6A /* WhichBill-Info.plist */,
				09B31F471789CCAF0018AB6A /* InfoPlist.strings */,
				09B31F4A1789CCAF0018AB6A /* main.m */,
				09B31F4C1789CCAF0018AB6A /* WhichBill-Prefix.pch */,
				09B31F501789CCAF0018AB6A /* Default.png */,
				09B31F521789CCAF0018AB6A /* Default@2x.png */,
			);
			name = "Supporting Files";
			sourceTree = "<group>";
		};
		09B31F681789CCAF0018AB6A /* WhichBillTests */ = {
			isa = PBXGroup;
			children = (
				09B31F6E1789CCAF0018AB6A /* WhichBillTests.h */,
				09B31F6F1789CCAF0018AB6A /* WhichBillTests.m */,
				09B31F691789CCAF0018AB6A /* Supporting Files */,
			);
			path = WhichBillTests;
			sourceTree = "<group>";
		};
		09B31F691789CCAF0018AB6A /* Supporting Files */ = {
			isa = PBXGroup;
			children = (
				09B31F6A1789CCAF0018AB6A /* WhichBillTests-Info.plist */,
				09B31F6B1789CCAF0018AB6A /* InfoPlist.strings */,
			);
			name = "Supporting Files";
			sourceTree = "<group>";
		};
		09DB426F1889C6A8008EB283 /* Icons */ = {
			isa = PBXGroup;
			children = (
				09DB42701889C6C0008EB283 /* refresh.png */,
				09DB42711889C6C0008EB283 /* refresh@2x.png */,
				09DB42721889C6C0008EB283 /* speech_bubble_transparent.png */,
				09DB42731889C6C0008EB283 /* speech_bubble_transparent@2x.png */,
			);
			name = Icons;
			sourceTree = "<group>";
		};
/* End PBXGroup section */

/* Begin PBXNativeTarget section */
		09B31F3A1789CCAF0018AB6A /* WhichBill */ = {
			isa = PBXNativeTarget;
			buildConfigurationList = 09B31F731789CCAF0018AB6A /* Build configuration list for PBXNativeTarget "WhichBill" */;
			buildPhases = (
				09B31F371789CCAF0018AB6A /* Sources */,
				09B31F381789CCAF0018AB6A /* Frameworks */,
				09B31F391789CCAF0018AB6A /* Resources */,
			);
			buildRules = (
			);
			dependencies = (
			);
			name = WhichBill;
			productName = WhichBill;
			productReference = 09B31F3B1789CCAF0018AB6A /* WhichBill.app */;
			productType = "com.apple.product-type.application";
		};
		09B31F601789CCAF0018AB6A /* WhichBillTests */ = {
			isa = PBXNativeTarget;
			buildConfigurationList = 09B31F761789CCAF0018AB6A /* Build configuration list for PBXNativeTarget "WhichBillTests" */;
			buildPhases = (
				09B31F5C1789CCAF0018AB6A /* Sources */,
				09B31F5D1789CCAF0018AB6A /* Frameworks */,
				09B31F5E1789CCAF0018AB6A /* Resources */,
				09B31F5F1789CCAF0018AB6A /* ShellScript */,
			);
			buildRules = (
			);
			dependencies = (
				09B31F671789CCAF0018AB6A /* PBXTargetDependency */,
			);
			name = WhichBillTests;
			productName = WhichBillTests;
			productReference = 09B31F611789CCAF0018AB6A /* WhichBillTests.octest */;
			productType = "com.apple.product-type.bundle";
		};
/* End PBXNativeTarget section */

/* Begin PBXProject section */
		09B31F331789CCAF0018AB6A /* Project object */ = {
			isa = PBXProject;
			attributes = {
				CLASSPREFIX = WhichBill;
				LastUpgradeCheck = 0460;
				ORGANIZATIONNAME = "Amar Shah";
				TargetAttributes = {
					09B31F3A1789CCAF0018AB6A = {
						DevelopmentTeam = H6PPRJ9U7Y;
					};
				};
			};
			buildConfigurationList = 09B31F361789CCAF0018AB6A /* Build configuration list for PBXProject "WhichBill" */;
			compatibilityVersion = "Xcode 3.2";
			developmentRegion = English;
			hasScannedForEncodings = 0;
			knownRegions = (
				en,
			);
			mainGroup = 09B31F321789CCAF0018AB6A;
			productRefGroup = 09B31F3C1789CCAF0018AB6A /* Products */;
			projectDirPath = "";
			projectRoot = "";
			targets = (
				09B31F3A1789CCAF0018AB6A /* WhichBill */,
				09B31F601789CCAF0018AB6A /* WhichBillTests */,
			);
		};
/* End PBXProject section */

/* Begin PBXResourcesBuildPhase section */
		09B31F391789CCAF0018AB6A /* Resources */ = {
			isa = PBXResourcesBuildPhase;
			buildActionMask = 2147483647;
			files = (
				09A6CEE71867EF1E00B26ACC /* Graham Crackers.jpg in Resources */,
				09A6CEE11867EF1E00B26ACC /* Cucumbers.jpg in Resources */,
				09A6CEF41867EF1E00B26ACC /* Limes.jpg in Resources */,
				09E21E4318711AC900844F45 /* Icon-40@2x.png in Resources */,
				09A6CF011867EF1E00B26ACC /* Sliced Cheese.jpg in Resources */,
				09E21E4518711AC900844F45 /* Icon-72@2x.png in Resources */,
				09A6CEF31867EF1E00B26ACC /* Lemons.jpg in Resources */,
				09A6CF0F186A95AC00B26ACC /* Ketchup.jpg in Resources */,
				09B31F491789CCAF0018AB6A /* InfoPlist.strings in Resources */,
				09A6CEE31867EF1E00B26ACC /* Eggplant.jpg in Resources */,
				09DB42771889C6C0008EB283 /* speech_bubble_transparent@2x.png in Resources */,
				09A6CF021867EF1E00B26ACC /* Soda 2-Liter.jpg in Resources */,
				09A6CEE91867EF1E00B26ACC /* Grapes.jpg in Resources */,
				09A6CF051867EF1E00B26ACC /* Sponges.jpg in Resources */,
				09A6CEDD1867EF1E00B26ACC /* Cookies.jpg in Resources */,
				09A6CF0A1867EF1E00B26ACC /* Tortilla Chips.jpg in Resources */,
				09A6CEDC1867EF1E00B26ACC /* Coconuts.jpg in Resources */,
				09B31F511789CCAF0018AB6A /* Default.png in Resources */,
				09E21E4618711AC900844F45 /* Icon-76.png in Resources */,
				09A6CF041867EF1E00B26ACC /* Spaghetti.jpg in Resources */,
				09A6CEE01867EF1E00B26ACC /* Cream Cheese.jpg in Resources */,
				09A6CED71867EF1E00B26ACC /* Bell Peppers.jpg in Resources */,
				09B31F531789CCAF0018AB6A /* Default@2x.png in Resources */,
				09A6CEF11867EF1E00B26ACC /* Lasagna.jpg in Resources */,
				09E21E4F187120A900844F45 /* Default-Landscape@2x~ipad.png in Resources */,
				09E21E4818711AC900844F45 /* Icon-Small-50.png in Resources */,
				09A6CEFE1867EF1E00B26ACC /* Salad Dressing.jpg in Resources */,
				09A6CEF51867EF1E00B26ACC /* Mayonnaise.jpg in Resources */,
				09A6CEE41867EF1E00B26ACC /* Frozen French Fries.jpg in Resources */,
				09A6CED41867EF1E00B26ACC /* Avocados.jpg in Resources */,
				09B31F5B1789CCAF0018AB6A /* WhichBillViewController.xib in Resources */,
				09A6CEDF1867EF1E00B26ACC /* Crackers.jpg in Resources */,
				09A6CEDA1867EF1E00B26ACC /* Chicken Noodle Soup.jpg in Resources */,
				09A6CF071867EF1E00B26ACC /* Strawberries.jpg in Resources */,
				09A6CF031867EF1E00B26ACC /* Spaghetti Sauce.jpg in Resources */,
				09A6CEF71867EF1E00B26ACC /* Onion.jpg in Resources */,
				09A6CEDE1867EF1E00B26ACC /* Corn Flakes.jpg in Resources */,
				09A6CEDB1867EF1E00B26ACC /* Chicken Wings.jpg in Resources */,
				09A6CEF21867EF1E00B26ACC /* Laundry Detergent.jpg in Resources */,
				09355055179B5CD000B612EC /* Dollar01.jpg in Resources */,
				09A6CEFB1867EF1E00B26ACC /* Pineapple.jpg in Resources */,
				09A6CED61867EF1E00B26ACC /* Batteries.jpg in Resources */,
				09A6CED51867EF1E00B26ACC /* Bananas.jpg in Resources */,
				09A6CEEB1867EF1E00B26ACC /* Hamburger Patties.jpg in Resources */,
				09A6CED91867EF1E00B26ACC /* Broccoli.jpg in Resources */,
				09E21E53187122F700844F45 /* Default~ipad.png in Resources */,
				09A6CEFA1867EF1E00B26ACC /* Pears.jpg in Resources */,
				09A6CEF81867EF1E00B26ACC /* Pancake Mix.jpg in Resources */,
				09A6CEE81867EF1E00B26ACC /* Grapefruit.jpg in Resources */,
				09A6CEE21867EF1E00B26ACC /* Dish Soap.jpg in Resources */,
				09E21E4A18711AC900844F45 /* Icon-Small.png in Resources */,
				09A6CF061867EF1E00B26ACC /* Steaks.jpg in Resources */,
				09E21E511871228700844F45 /* Default-Landscape~ipad.png in Resources */,
				09A6CEE51867EF1E00B26ACC /* Frozen Vegetables.jpg in Resources */,
				09A6CF0B1867EF1E00B26ACC /* Wheat Bread.jpg in Resources */,
				09355056179B5CD000B612EC /* Dollar05.jpg in Resources */,
				09A6CF081867EF1E00B26ACC /* Strawberry Jam.jpg in Resources */,
				09355057179B5CD000B612EC /* Dollar10.jpg in Resources */,
				09A6CF091867EF1E00B26ACC /* String Cheese.jpg in Resources */,
				09E21E4718711AC900844F45 /* Icon-76@2x.png in Resources */,
				09A6CEEE1867EF1E00B26ACC /* Hot Dogs.jpg in Resources */,
				09DB42751889C6C0008EB283 /* refresh@2x.png in Resources */,
				09E21E4218711AC900844F45 /* Icon-40.png in Resources */,
				09A6CEE61867EF1E00B26ACC /* Ginger.jpg in Resources */,
				09E21E55187123D500844F45 /* Default@2x~ipad.png in Resources */,
				09A6CEFC1867EF1E00B26ACC /* Potato Chips.jpg in Resources */,
				09A6CED81867EF1E00B26ACC /* Bologna.jpg in Resources */,
				09A6CED21867EF1E00B26ACC /* Apple Juice.jpg in Resources */,
				09A6CEFD1867EF1E00B26ACC /* Roach Poison.jpg in Resources */,
				09A6CED31867EF1E00B26ACC /* Apples.jpg in Resources */,
				09355058179B5CD000B612EC /* Dollar20.jpg in Resources */,
				09E21E4418711AC900844F45 /* Icon-72.png in Resources */,
				09A6CEF61867EF1E00B26ACC /* Oatmeal.jpg in Resources */,
				09A6CEED1867EF1E00B26ACC /* Hot Dog Buns.jpg in Resources */,
				09DB42761889C6C0008EB283 /* speech_bubble_transparent.png in Resources */,
				09A6CEEA1867EF1E00B26ACC /* Ground Pork.jpg in Resources */,
				09A6CF001867EF1E00B26ACC /* Serrano Peppers.jpg in Resources */,
				09A6CEEF1867EF1E00B26ACC /* Ice Cream.jpg in Resources */,
				09A6CEFF1867EF1E00B26ACC /* Sausage Muffins.jpg in Resources */,
				09E21E4918711AC900844F45 /* Icon-Small-50@2x.png in Resources */,
				09A6CEF91867EF1E00B26ACC /* Peanut Butter.jpg in Resources */,
				09A6CEEC1867EF1E00B26ACC /* Honey.jpg in Resources */,
				09DB42741889C6C0008EB283 /* refresh.png in Resources */,
				09E21E4B18711AC900844F45 /* Icon-Small@2x.png in Resources */,
			);
			runOnlyForDeploymentPostprocessing = 0;
		};
		09B31F5E1789CCAF0018AB6A /* Resources */ = {
			isa = PBXResourcesBuildPhase;
			buildActionMask = 2147483647;
			files = (
				09B31F6D1789CCAF0018AB6A /* InfoPlist.strings in Resources */,
			);
			runOnlyForDeploymentPostprocessing = 0;
		};
/* End PBXResourcesBuildPhase section */

/* Begin PBXShellScriptBuildPhase section */
		09B31F5F1789CCAF0018AB6A /* ShellScript */ = {
			isa = PBXShellScriptBuildPhase;
			buildActionMask = 2147483647;
			files = (
			);
			inputPaths = (
			);
			outputPaths = (
			);
			runOnlyForDeploymentPostprocessing = 0;
			shellPath = /bin/sh;
			shellScript = "# Run the unit tests in this test bundle.\n\"${SYSTEM_DEVELOPER_DIR}/Tools/RunUnitTests\"\n";
		};
/* End PBXShellScriptBuildPhase section */

/* Begin PBXSourcesBuildPhase section */
		09B31F371789CCAF0018AB6A /* Sources */ = {
			isa = PBXSourcesBuildPhase;
			buildActionMask = 2147483647;
			files = (
				09B31F4B1789CCAF0018AB6A /* main.m in Sources */,
				09B31F4F1789CCAF0018AB6A /* WhichBillAppDelegate.m in Sources */,
				09B31F581789CCAF0018AB6A /* WhichBillViewController.m in Sources */,
				09354FD4179AEB4000B612EC /* WBItem.m in Sources */,
				09354FD7179AF15F00B612EC /* WBItemStore.m in Sources */,
				0935505B179B823200B612EC /* WBImageStore.m in Sources */,
				09355064179DECC500B612EC /* WBAnswerButton.m in Sources */,
			);
			runOnlyForDeploymentPostprocessing = 0;
		};
		09B31F5C1789CCAF0018AB6A /* Sources */ = {
			isa = PBXSourcesBuildPhase;
			buildActionMask = 2147483647;
			files = (
				09B31F701789CCAF0018AB6A /* WhichBillTests.m in Sources */,
			);
			runOnlyForDeploymentPostprocessing = 0;
		};
/* End PBXSourcesBuildPhase section */

/* Begin PBXTargetDependency section */
		09B31F671789CCAF0018AB6A /* PBXTargetDependency */ = {
			isa = PBXTargetDependency;
			target = 09B31F3A1789CCAF0018AB6A /* WhichBill */;
			targetProxy = 09B31F661789CCAF0018AB6A /* PBXContainerItemProxy */;
		};
/* End PBXTargetDependency section */

/* Begin PBXVariantGroup section */
		09B31F471789CCAF0018AB6A /* InfoPlist.strings */ = {
			isa = PBXVariantGroup;
			children = (
				09B31F481789CCAF0018AB6A /* en */,
			);
			name = InfoPlist.strings;
			sourceTree = "<group>";
		};
		09B31F591789CCAF0018AB6A /* WhichBillViewController.xib */ = {
			isa = PBXVariantGroup;
			children = (
				09B31F5A1789CCAF0018AB6A /* en */,
			);
			name = WhichBillViewController.xib;
			sourceTree = "<group>";
		};
		09B31F6B1789CCAF0018AB6A /* InfoPlist.strings */ = {
			isa = PBXVariantGroup;
			children = (
				09B31F6C1789CCAF0018AB6A /* en */,
			);
			name = InfoPlist.strings;
			sourceTree = "<group>";
		};
/* End PBXVariantGroup section */

/* Begin XCBuildConfiguration section */
		09B31F711789CCAF0018AB6A /* Debug */ = {
			isa = XCBuildConfiguration;
			buildSettings = {
				ALWAYS_SEARCH_USER_PATHS = NO;
				CLANG_CXX_LANGUAGE_STANDARD = "gnu++0x";
				CLANG_CXX_LIBRARY = "libc++";
				CLANG_ENABLE_OBJC_ARC = YES;
				CLANG_WARN_CONSTANT_CONVERSION = YES;
				CLANG_WARN_EMPTY_BODY = YES;
				CLANG_WARN_ENUM_CONVERSION = YES;
				CLANG_WARN_INT_CONVERSION = YES;
				CLANG_WARN__DUPLICATE_METHOD_MATCH = YES;
				CODE_SIGN_IDENTITY = "iPhone Developer";
				"CODE_SIGN_IDENTITY[sdk=iphoneos*]" = "iPhone Developer";
				COPY_PHASE_STRIP = NO;
				GCC_C_LANGUAGE_STANDARD = gnu99;
				GCC_DYNAMIC_NO_PIC = NO;
				GCC_OPTIMIZATION_LEVEL = 0;
				GCC_PREPROCESSOR_DEFINITIONS = (
					"DEBUG=1",
					"$(inherited)",
				);
				GCC_SYMBOLS_PRIVATE_EXTERN = NO;
				GCC_WARN_ABOUT_RETURN_TYPE = YES;
				GCC_WARN_UNINITIALIZED_AUTOS = YES;
				GCC_WARN_UNUSED_VARIABLE = YES;
				IPHONEOS_DEPLOYMENT_TARGET = 6.0;
				ONLY_ACTIVE_ARCH = YES;
				SDKROOT = iphoneos;
				TARGETED_DEVICE_FAMILY = 2;
			};
			name = Debug;
		};
		09B31F721789CCAF0018AB6A /* Release */ = {
			isa = XCBuildConfiguration;
			buildSettings = {
				ALWAYS_SEARCH_USER_PATHS = NO;
				CLANG_CXX_LANGUAGE_STANDARD = "gnu++0x";
				CLANG_CXX_LIBRARY = "libc++";
				CLANG_ENABLE_OBJC_ARC = YES;
				CLANG_WARN_CONSTANT_CONVERSION = YES;
				CLANG_WARN_EMPTY_BODY = YES;
				CLANG_WARN_ENUM_CONVERSION = YES;
				CLANG_WARN_INT_CONVERSION = YES;
				CLANG_WARN__DUPLICATE_METHOD_MATCH = YES;
				"CODE_SIGN_IDENTITY[sdk=iphoneos*]" = "iPhone Developer";
				COPY_PHASE_STRIP = YES;
				GCC_C_LANGUAGE_STANDARD = gnu99;
				GCC_WARN_ABOUT_RETURN_TYPE = YES;
				GCC_WARN_UNINITIALIZED_AUTOS = YES;
				GCC_WARN_UNUSED_VARIABLE = YES;
				IPHONEOS_DEPLOYMENT_TARGET = 6.0;
				OTHER_CFLAGS = "-DNS_BLOCK_ASSERTIONS=1";
				SDKROOT = iphoneos;
				TARGETED_DEVICE_FAMILY = 2;
				VALIDATE_PRODUCT = YES;
			};
			name = Release;
		};
		09B31F741789CCAF0018AB6A /* Debug */ = {
			isa = XCBuildConfiguration;
			buildSettings = {
				CODE_SIGN_IDENTITY = "iPhone Developer: Amar Shah (X4KDQ67886)";
				"CODE_SIGN_IDENTITY[sdk=iphoneos*]" = "iPhone Developer";
				GCC_PRECOMPILE_PREFIX_HEADER = YES;
				GCC_PREFIX_HEADER = "WhichBill/WhichBill-Prefix.pch";
				INFOPLIST_FILE = "WhichBill/WhichBill-Info.plist";
				IPHONEOS_DEPLOYMENT_TARGET = 6.0;
				PRODUCT_NAME = "$(TARGET_NAME)";
				PROVISIONING_PROFILE = "B116D5BE-46A5-412E-966E-AA4FF979E9FC";
				WRAPPER_EXTENSION = app;
			};
			name = Debug;
		};
		09B31F751789CCAF0018AB6A /* Release */ = {
			isa = XCBuildConfiguration;
			buildSettings = {
				CODE_SIGN_IDENTITY = "iPhone Distribution";
				"CODE_SIGN_IDENTITY[sdk=iphoneos*]" = "iPhone Developer: Amar Shah (X4KDQ67886)";
				GCC_PRECOMPILE_PREFIX_HEADER = YES;
				GCC_PREFIX_HEADER = "WhichBill/WhichBill-Prefix.pch";
				INFOPLIST_FILE = "WhichBill/WhichBill-Info.plist";
				IPHONEOS_DEPLOYMENT_TARGET = 6.0;
				PRODUCT_NAME = "$(TARGET_NAME)";
				PROVISIONING_PROFILE = "B116D5BE-46A5-412E-966E-AA4FF979E9FC";
				WRAPPER_EXTENSION = app;
			};
			name = Release;
		};
		09B31F771789CCAF0018AB6A /* Debug */ = {
			isa = XCBuildConfiguration;
			buildSettings = {
				BUNDLE_LOADER = "$(BUILT_PRODUCTS_DIR)/WhichBill.app/WhichBill";
				FRAMEWORK_SEARCH_PATHS = (
					"\"$(SDKROOT)/Developer/Library/Frameworks\"",
					"\"$(DEVELOPER_LIBRARY_DIR)/Frameworks\"",
				);
				GCC_PRECOMPILE_PREFIX_HEADER = YES;
				GCC_PREFIX_HEADER = "WhichBill/WhichBill-Prefix.pch";
				INFOPLIST_FILE = "WhichBillTests/WhichBillTests-Info.plist";
				PRODUCT_NAME = "$(TARGET_NAME)";
				TEST_HOST = "$(BUNDLE_LOADER)";
				WRAPPER_EXTENSION = octest;
			};
			name = Debug;
		};
		09B31F781789CCAF0018AB6A /* Release */ = {
			isa = XCBuildConfiguration;
			buildSettings = {
				BUNDLE_LOADER = "$(BUILT_PRODUCTS_DIR)/WhichBill.app/WhichBill";
				FRAMEWORK_SEARCH_PATHS = (
					"\"$(SDKROOT)/Developer/Library/Frameworks\"",
					"\"$(DEVELOPER_LIBRARY_DIR)/Frameworks\"",
				);
				GCC_PRECOMPILE_PREFIX_HEADER = YES;
				GCC_PREFIX_HEADER = "WhichBill/WhichBill-Prefix.pch";
				INFOPLIST_FILE = "WhichBillTests/WhichBillTests-Info.plist";
				PRODUCT_NAME = "$(TARGET_NAME)";
				TEST_HOST = "$(BUNDLE_LOADER)";
				WRAPPER_EXTENSION = octest;
			};
			name = Release;
		};
/* End XCBuildConfiguration section */

/* Begin XCConfigurationList section */
		09B31F361789CCAF0018AB6A /* Build configuration list for PBXProject "WhichBill" */ = {
			isa = XCConfigurationList;
			buildConfigurations = (
				09B31F711789CCAF0018AB6A /* Debug */,
				09B31F721789CCAF0018AB6A /* Release */,
			);
			defaultConfigurationIsVisible = 0;
			defaultConfigurationName = Release;
		};
		09B31F731789CCAF0018AB6A /* Build configuration list for PBXNativeTarget "WhichBill" */ = {
			isa = XCConfigurationList;
			buildConfigurations = (
				09B31F741789CCAF0018AB6A /* Debug */,
				09B31F751789CCAF0018AB6A /* Release */,
			);
			defaultConfigurationIsVisible = 0;
			defaultConfigurationName = Release;
		};
		09B31F761789CCAF0018AB6A /* Build configuration list for PBXNativeTarget "WhichBillTests" */ = {
			isa = XCConfigurationList;
			buildConfigurations = (
				09B31F771789CCAF0018AB6A /* Debug */,
				09B31F781789CCAF0018AB6A /* Release */,
			);
			defaultConfigurationIsVisible = 0;
			defaultConfigurationName = Release;
		};
/* End XCConfigurationList section */
	};
	rootObject = 09B31F331789CCAF0018AB6A /* Project object */;
}
